<?xml version="1.0" encoding="utf-8"?>
<Project ToolsVersion="14.0" xmlns="http://schemas.microsoft.com/developer/msbuild/2003">
  <ItemGroup>
    <Filter Include="Resources">
      <UniqueIdentifier>9fa99d22-5f11-42db-8f74-fe17ec185a5e</UniqueIdentifier>
      <Extensions>rc;ico;cur;bmp;dlg;rc2;rct;bin;rgs;gif;jpg;jpeg;jpe;resx;tga;tiff;tif;png;wav;mfcribbon-ms</Extensions>
    </Filter>
  </ItemGroup>
  <ItemGroup>
    <ClCompile Include="..\..\..\org\webrtc\wrapper\DataChannel.cc" />
    <ClCompile Include="..\..\..\org\webrtc\wrapper\GlobalObserver.cc" />
    <ClCompile Include="..\..\..\org\webrtc\wrapper\Marshalling.cc" />
    <ClCompile Include="..\..\..\org\webrtc\wrapper\Media.cc" />
    <ClCompile Include="..\..\..\org\webrtc\wrapper\MediaSourceHelper.cc" />
    <ClCompile Include="..\..\..\org\webrtc\wrapper\PeerConnectionInterface.cc" />
    <ClCompile Include="..\..\..\org\webrtc\wrapper\WebRtcMediaSource.cc" />
    <ClCompile Include="..\..\..\org\webrtc\wrapper\WebRtcMediaStream.cc" />
    <ClCompile Include="..\..\..\org\webrtc\wrapper\WinUWPDeviceManager.cc" />
  </ItemGroup>
  <ItemGroup>
    <ClInclude Include="..\..\..\org\webrtc\wrapper\DataChannel.h" />
    <ClInclude Include="..\..\..\org\webrtc\wrapper\Delegates.h" />
    <ClInclude Include="..\..\..\org\webrtc\wrapper\GlobalObserver.h" />
    <ClInclude Include="..\..\..\org\webrtc\wrapper\Marshalling.h" />
    <ClInclude Include="..\..\..\org\webrtc\wrapper\Media.h" />
    <ClInclude Include="..\..\..\org\webrtc\wrapper\MediaSourceHelper.h" />
    <ClInclude Include="..\..\..\org\webrtc\wrapper\PeerConnectionInterface.h" />
    <ClInclude Include="..\..\..\org\webrtc\wrapper\RTCStatsReport.h" />
    <ClInclude Include="..\..\..\org\webrtc\wrapper\WebRtcMediaSource.h" />
    <ClInclude Include="..\..\..\org\webrtc\wrapper\WebRtcMediaStream.h" />
    <ClInclude Include="..\..\..\org\webrtc\wrapper\WinUWPDeviceManager.h" />
  </ItemGroup>
</Project>