
Microsoft Visual Studio Solution File, Format Version 12.00
# Visual Studio 14
VisualStudioVersion = 14.0.25420.1
MinimumVisualStudioVersion = 10.0.40219.1
Project("{FAE04EC0-301F-11D3-BF4B-00C04F79EFBC}") = "webrtc-utility", "..\..\projects\msvc\webrtc-utility\webrtc-utility.csproj", "{C0BE91DB-A313-4D82-A2B9-9F562AE69A10}"
EndProject
Project("{8BC9CEB8-8B4A-11D0-8D11-00A0C91BC942}") = "webrtc_winrt_api", "..\..\projects\msvc\webrtc_winrt_api.Universal\webrtc_winrt_api.vcxproj", "{32A4ABD8-EB1C-4198-B261-425E6CADDBEF}"
	ProjectSection(ProjectDependencies) = postProject
		{C0BE91DB-A313-4D82-A2B9-9F562AE69A10} = {C0BE91DB-A313-4D82-A2B9-9F562AE69A10}
	EndProjectSection
EndProject
Project("{8BC9CEB8-8B4A-11D0-8D11-00A0C91BC942}") = "webrtc_winrt_api_win10_x64", "..\..\projects\msvc\webrtc_winrt_api_win10_x64.vcxproj", "{413C7B2E-BFE3-A86A-E4B7-DDC89250C2AA}"
	ProjectSection(ProjectDependencies) = postProject
		{C0BE91DB-A313-4D82-A2B9-9F562AE69A10} = {C0BE91DB-A313-4D82-A2B9-9F562AE69A10}
	EndProjectSection
EndProject
Global
	GlobalSection(SolutionConfigurationPlatforms) = preSolution
		Debug|Any CPU = Debug|Any CPU
		Debug|ARM = Debug|ARM
		Debug|x64 = Debug|x64
		Debug|x86 = Debug|x86
		Release|Any CPU = Release|Any CPU
		Release|ARM = Release|ARM
		Release|x64 = Release|x64
		Release|x86 = Release|x86
	EndGlobalSection
	GlobalSection(ProjectConfigurationPlatforms) = postSolution
		{C0BE91DB-A313-4D82-A2B9-9F562AE69A10}.Debug|Any CPU.ActiveCfg = Debug|Any CPU
		{C0BE91DB-A313-4D82-A2B9-9F562AE69A10}.Debug|Any CPU.Build.0 = Debug|Any CPU
		{C0BE91DB-A313-4D82-A2B9-9F562AE69A10}.Debug|ARM.ActiveCfg = Debug|ARM
		{C0BE91DB-A313-4D82-A2B9-9F562AE69A10}.Debug|ARM.Build.0 = Debug|ARM
		{C0BE91DB-A313-4D82-A2B9-9F562AE69A10}.Debug|x64.ActiveCfg = Debug|x64
		{C0BE91DB-A313-4D82-A2B9-9F562AE69A10}.Debug|x64.Build.0 = Debug|x64
		{C0BE91DB-A313-4D82-A2B9-9F562AE69A10}.Debug|x86.ActiveCfg = Debug|x86
		{C0BE91DB-A313-4D82-A2B9-9F562AE69A10}.Debug|x86.Build.0 = Debug|x86
		{C0BE91DB-A313-4D82-A2B9-9F562AE69A10}.Release|Any CPU.ActiveCfg = Release|Any CPU
		{C0BE91DB-A313-4D82-A2B9-9F562AE69A10}.Release|Any CPU.Build.0 = Release|Any CPU
		{C0BE91DB-A313-4D82-A2B9-9F562AE69A10}.Release|ARM.ActiveCfg = Release|ARM
		{C0BE91DB-A313-4D82-A2B9-9F562AE69A10}.Release|ARM.Build.0 = Release|ARM
		{C0BE91DB-A313-4D82-A2B9-9F562AE69A10}.Release|x64.ActiveCfg = Release|x64
		{C0BE91DB-A313-4D82-A2B9-9F562AE69A10}.Release|x64.Build.0 = Release|x64
		{C0BE91DB-A313-4D82-A2B9-9F562AE69A10}.Release|x86.ActiveCfg = Release|x86
		{C0BE91DB-A313-4D82-A2B9-9F562AE69A10}.Release|x86.Build.0 = Release|x86
		{32A4ABD8-EB1C-4198-B261-425E6CADDBEF}.Debug|Any CPU.ActiveCfg = Debug|Win32
		{32A4ABD8-EB1C-4198-B261-425E6CADDBEF}.Debug|ARM.ActiveCfg = Debug|ARM
		{32A4ABD8-EB1C-4198-B261-425E6CADDBEF}.Debug|ARM.Build.0 = Debug|ARM
		{32A4ABD8-EB1C-4198-B261-425E6CADDBEF}.Debug|x64.ActiveCfg = Debug|x64
		{32A4ABD8-EB1C-4198-B261-425E6CADDBEF}.Debug|x64.Build.0 = Debug|x64
		{32A4ABD8-EB1C-4198-B261-425E6CADDBEF}.Debug|x86.ActiveCfg = Debug|Win32
		{32A4ABD8-EB1C-4198-B261-425E6CADDBEF}.Debug|x86.Build.0 = Debug|Win32
		{32A4ABD8-EB1C-4198-B261-425E6CADDBEF}.Release|Any CPU.ActiveCfg = Release|Win32
		{32A4ABD8-EB1C-4198-B261-425E6CADDBEF}.Release|ARM.ActiveCfg = Release|ARM
		{32A4ABD8-EB1C-4198-B261-425E6CADDBEF}.Release|ARM.Build.0 = Release|ARM
		{32A4ABD8-EB1C-4198-B261-425E6CADDBEF}.Release|x64.ActiveCfg = Release|x64
		{32A4ABD8-EB1C-4198-B261-425E6CADDBEF}.Release|x64.Build.0 = Release|x64
		{32A4ABD8-EB1C-4198-B261-425E6CADDBEF}.Release|x86.ActiveCfg = Release|Win32
		{32A4ABD8-EB1C-4198-B261-425E6CADDBEF}.Release|x86.Build.0 = Release|Win32
		{413C7B2E-BFE3-A86A-E4B7-DDC89250C2AA}.Debug|Any CPU.ActiveCfg = Debug|Win32
		{413C7B2E-BFE3-A86A-E4B7-DDC89250C2AA}.Debug|ARM.ActiveCfg = Debug|ARM
		{413C7B2E-BFE3-A86A-E4B7-DDC89250C2AA}.Debug|ARM.Build.0 = Debug|ARM
		{413C7B2E-BFE3-A86A-E4B7-DDC89250C2AA}.Debug|x64.ActiveCfg = Debug|x64
		{413C7B2E-BFE3-A86A-E4B7-DDC89250C2AA}.Debug|x64.Build.0 = Debug|x64
		{413C7B2E-BFE3-A86A-E4B7-DDC89250C2AA}.Debug|x86.ActiveCfg = Debug|Win32
		{413C7B2E-BFE3-A86A-E4B7-DDC89250C2AA}.Debug|x86.Build.0 = Debug|Win32
		{413C7B2E-BFE3-A86A-E4B7-DDC89250C2AA}.Release|Any CPU.ActiveCfg = Release|Win32
		{413C7B2E-BFE3-A86A-E4B7-DDC89250C2AA}.Release|ARM.ActiveCfg = Release|ARM
		{413C7B2E-BFE3-A86A-E4B7-DDC89250C2AA}.Release|ARM.Build.0 = Release|ARM
		{413C7B2E-BFE3-A86A-E4B7-DDC89250C2AA}.Release|x64.ActiveCfg = Release|x64
		{413C7B2E-BFE3-A86A-E4B7-DDC89250C2AA}.Release|x64.Build.0 = Release|x64
		{413C7B2E-BFE3-A86A-E4B7-DDC89250C2AA}.Release|x86.ActiveCfg = Release|Win32
		{413C7B2E-BFE3-A86A-E4B7-DDC89250C2AA}.Release|x86.Build.0 = Release|Win32
	EndGlobalSection
	GlobalSection(SolutionProperties) = preSolution
		HideSolutionNode = FALSE
	EndGlobalSection
EndGlobal
