
Microsoft Visual Studio Solution File, Format Version 12.00
# Visual Studio 14
VisualStudioVersion = 14.0.25420.1
MinimumVisualStudioVersion = 10.0.40219.1
Project("{8BC9CEB8-8B4A-11D0-8D11-00A0C91BC942}") = "Org.WebRtc", "..\projects\msvc\Org.WebRtc.Universal\Org.WebRtc.vcxproj", "{32A4ABD8-EB1C-4198-B261-425E6CADDBEF}"
	ProjectSection(ProjectDependencies) = postProject
		{147E84F0-5746-4E0C-9E2D-ACF8D0F88490} = {147E84F0-5746-4E0C-9E2D-ACF8D0F88490}
	EndProjectSection
EndProject
Project("{2150E333-8FDC-42A3-9474-1A3956D46DE8}") = "Samples", "Samples", "{61AB7485-B7E2-4D1F-8A38-BCB027FC1C10}"
EndProject
Project("{2150E333-8FDC-42A3-9474-1A3956D46DE8}") = "PeerCC", "PeerCC", "{82F36D17-1986-4A2A-B71F-94B852778141}"
EndProject
Project("{FAE04EC0-301F-11D3-BF4B-00C04F79EFBC}") = "PeerConnectionClient.WebRtc", "..\..\..\common\windows\samples\PeerCC\Client\PeerConnectionClient.WebRtc.csproj", "{A2EA7350-EE59-42C5-9323-C942B058B217}"
	ProjectSection(ProjectDependencies) = postProject
		{32A4ABD8-EB1C-4198-B261-425E6CADDBEF} = {32A4ABD8-EB1C-4198-B261-425E6CADDBEF}
	EndProjectSection
EndProject
Project("{2150E333-8FDC-42A3-9474-1A3956D46DE8}") = "Client", "Client", "{B75554FF-2598-4F34-B11F-027282FB26CD}"
EndProject
Project("{2150E333-8FDC-42A3-9474-1A3956D46DE8}") = "Server", "Server", "{F01290E5-AA5F-4AB6-938F-674BEDC720F4}"
EndProject
Project("{2150E333-8FDC-42A3-9474-1A3956D46DE8}") = "Api", "Api", "{A247AD4E-D83A-40C1-8BB6-6B72F3A1EE5C}"
EndProject
Project("{2150E333-8FDC-42A3-9474-1A3956D46DE8}") = "Org.WebRtc", "Org.WebRtc", "{507EFBC7-5B0B-4ACB-A67A-7F24A2340A86}"
EndProject
Project("{2150E333-8FDC-42A3-9474-1A3956D46DE8}") = "Utility", "Utility", "{F3CEBBE9-B35F-40D1-B62E-5FA923D9456C}"
EndProject
Project("{FAE04EC0-301F-11D3-BF4B-00C04F79EFBC}") = "WebRtc.Builder", "..\projects\msvc\WebRtc.Builder.Universal\WebRtc.Builder.csproj", "{147E84F0-5746-4E0C-9E2D-ACF8D0F88490}"
EndProject
Project("{8BC9CEB8-8B4A-11D0-8D11-00A0C91BC942}") = "WebRtc.Stats.Observer", "..\projects\msvc\WebRtc.Stats.Observer.Universal\WebRtc.Stats.Observer.vcxproj", "{8F6CC751-235C-50C4-5D46-F577A04AADF2}"
EndProject
Project("{2150E333-8FDC-42A3-9474-1A3956D46DE8}") = "Stats", "Stats", "{543A47F2-E580-4CEE-8591-DBF4CD57F652}"
EndProject
Project("{2150E333-8FDC-42A3-9474-1A3956D46DE8}") = "AppRtc", "AppRtc", "{2CD5E71E-748E-4E10-AFAD-BF0F96A330CA}"
EndProject
Project("{262852C6-CD72-467D-83FE-5EEB1973A190}") = "appRTC_win_JS.Win10", "..\..\..\common\windows\samples\AppRTC\appRTC_win_JS.Win10\appRTC_win_JS.Win10.jsproj", "{6C1B2DE1-79FC-4EC4-AB53-B1F666943EFA}"
EndProject
Project("{8BC9CEB8-8B4A-11D0-8D11-00A0C91BC942}") = "peerconnection_server", "..\..\xplatform\webrtc\out\win_x86_debug\obj\webrtc\examples\peerconnection_server.vcxproj", "{B97F0653-F750-F645-0851-C215EED8D7C8}"
EndProject
Global
	GlobalSection(SolutionConfigurationPlatforms) = preSolution
		Debug|ARM = Debug|ARM
		Debug|x64 = Debug|x64
		Debug|x86 = Debug|x86
		GN|ARM = GN|ARM
		GN|x64 = GN|x64
		GN|x86 = GN|x86
		Release|ARM = Release|ARM
		Release|x64 = Release|x64
		Release|x86 = Release|x86
	EndGlobalSection
	GlobalSection(ProjectConfigurationPlatforms) = postSolution
		{32A4ABD8-EB1C-4198-B261-425E6CADDBEF}.Debug|ARM.ActiveCfg = Debug|ARM
		{32A4ABD8-EB1C-4198-B261-425E6CADDBEF}.Debug|ARM.Build.0 = Debug|ARM
		{32A4ABD8-EB1C-4198-B261-425E6CADDBEF}.Debug|x64.ActiveCfg = Debug|x64
		{32A4ABD8-EB1C-4198-B261-425E6CADDBEF}.Debug|x64.Build.0 = Debug|x64
		{32A4ABD8-EB1C-4198-B261-425E6CADDBEF}.Debug|x86.ActiveCfg = Debug|Win32
		{32A4ABD8-EB1C-4198-B261-425E6CADDBEF}.Debug|x86.Build.0 = Debug|Win32
		{32A4ABD8-EB1C-4198-B261-425E6CADDBEF}.GN|ARM.ActiveCfg = Release|ARM
		{32A4ABD8-EB1C-4198-B261-425E6CADDBEF}.GN|ARM.Build.0 = Release|ARM
		{32A4ABD8-EB1C-4198-B261-425E6CADDBEF}.GN|x64.ActiveCfg = Release|x64
		{32A4ABD8-EB1C-4198-B261-425E6CADDBEF}.GN|x64.Build.0 = Release|x64
		{32A4ABD8-EB1C-4198-B261-425E6CADDBEF}.GN|x86.ActiveCfg = Release|Win32
		{32A4ABD8-EB1C-4198-B261-425E6CADDBEF}.GN|x86.Build.0 = Release|Win32
		{32A4ABD8-EB1C-4198-B261-425E6CADDBEF}.Release|ARM.ActiveCfg = Release|ARM
		{32A4ABD8-EB1C-4198-B261-425E6CADDBEF}.Release|ARM.Build.0 = Release|ARM
		{32A4ABD8-EB1C-4198-B261-425E6CADDBEF}.Release|x64.ActiveCfg = Release|x64
		{32A4ABD8-EB1C-4198-B261-425E6CADDBEF}.Release|x64.Build.0 = Release|x64
		{32A4ABD8-EB1C-4198-B261-425E6CADDBEF}.Release|x86.ActiveCfg = Release|Win32
		{32A4ABD8-EB1C-4198-B261-425E6CADDBEF}.Release|x86.Build.0 = Release|Win32
		{A2EA7350-EE59-42C5-9323-C942B058B217}.Debug|ARM.ActiveCfg = Debug|ARM
		{A2EA7350-EE59-42C5-9323-C942B058B217}.Debug|ARM.Build.0 = Debug|ARM
		{A2EA7350-EE59-42C5-9323-C942B058B217}.Debug|ARM.Deploy.0 = Debug|ARM
		{A2EA7350-EE59-42C5-9323-C942B058B217}.Debug|x64.ActiveCfg = Debug|x64
		{A2EA7350-EE59-42C5-9323-C942B058B217}.Debug|x64.Build.0 = Debug|x64
		{A2EA7350-EE59-42C5-9323-C942B058B217}.Debug|x64.Deploy.0 = Debug|x64
		{A2EA7350-EE59-42C5-9323-C942B058B217}.Debug|x86.ActiveCfg = Debug|x86
		{A2EA7350-EE59-42C5-9323-C942B058B217}.Debug|x86.Build.0 = Debug|x86
		{A2EA7350-EE59-42C5-9323-C942B058B217}.Debug|x86.Deploy.0 = Debug|x86
		{A2EA7350-EE59-42C5-9323-C942B058B217}.GN|ARM.ActiveCfg = Release|ARM
		{A2EA7350-EE59-42C5-9323-C942B058B217}.GN|ARM.Build.0 = Release|ARM
		{A2EA7350-EE59-42C5-9323-C942B058B217}.GN|ARM.Deploy.0 = Release|ARM
		{A2EA7350-EE59-42C5-9323-C942B058B217}.GN|x64.ActiveCfg = Release|x64
		{A2EA7350-EE59-42C5-9323-C942B058B217}.GN|x64.Build.0 = Release|x64
		{A2EA7350-EE59-42C5-9323-C942B058B217}.GN|x64.Deploy.0 = Release|x64
		{A2EA7350-EE59-42C5-9323-C942B058B217}.GN|x86.ActiveCfg = Release|x86
		{A2EA7350-EE59-42C5-9323-C942B058B217}.GN|x86.Build.0 = Release|x86
		{A2EA7350-EE59-42C5-9323-C942B058B217}.GN|x86.Deploy.0 = Release|x86
		{A2EA7350-EE59-42C5-9323-C942B058B217}.Release|ARM.ActiveCfg = Release|ARM
		{A2EA7350-EE59-42C5-9323-C942B058B217}.Release|ARM.Build.0 = Release|ARM
		{A2EA7350-EE59-42C5-9323-C942B058B217}.Release|ARM.Deploy.0 = Release|ARM
		{A2EA7350-EE59-42C5-9323-C942B058B217}.Release|x64.ActiveCfg = Release|x64
		{A2EA7350-EE59-42C5-9323-C942B058B217}.Release|x64.Build.0 = Release|x64
		{A2EA7350-EE59-42C5-9323-C942B058B217}.Release|x64.Deploy.0 = Release|x64
		{A2EA7350-EE59-42C5-9323-C942B058B217}.Release|x86.ActiveCfg = Release|x86
		{A2EA7350-EE59-42C5-9323-C942B058B217}.Release|x86.Build.0 = Release|x86
		{A2EA7350-EE59-42C5-9323-C942B058B217}.Release|x86.Deploy.0 = Release|x86
		{147E84F0-5746-4E0C-9E2D-ACF8D0F88490}.Debug|ARM.ActiveCfg = Debug|ARM
		{147E84F0-5746-4E0C-9E2D-ACF8D0F88490}.Debug|ARM.Build.0 = Debug|ARM
		{147E84F0-5746-4E0C-9E2D-ACF8D0F88490}.Debug|x64.ActiveCfg = Debug|x64
		{147E84F0-5746-4E0C-9E2D-ACF8D0F88490}.Debug|x64.Build.0 = Debug|x64
		{147E84F0-5746-4E0C-9E2D-ACF8D0F88490}.Debug|x86.ActiveCfg = Debug|x86
		{147E84F0-5746-4E0C-9E2D-ACF8D0F88490}.Debug|x86.Build.0 = Debug|x86
		{147E84F0-5746-4E0C-9E2D-ACF8D0F88490}.GN|ARM.ActiveCfg = Release|ARM
		{147E84F0-5746-4E0C-9E2D-ACF8D0F88490}.GN|ARM.Build.0 = Release|ARM
		{147E84F0-5746-4E0C-9E2D-ACF8D0F88490}.GN|x64.ActiveCfg = Release|x64
		{147E84F0-5746-4E0C-9E2D-ACF8D0F88490}.GN|x64.Build.0 = Release|x64
		{147E84F0-5746-4E0C-9E2D-ACF8D0F88490}.GN|x86.ActiveCfg = Release|x86
		{147E84F0-5746-4E0C-9E2D-ACF8D0F88490}.GN|x86.Build.0 = Release|x86
		{147E84F0-5746-4E0C-9E2D-ACF8D0F88490}.Release|ARM.ActiveCfg = Release|ARM
		{147E84F0-5746-4E0C-9E2D-ACF8D0F88490}.Release|ARM.Build.0 = Release|ARM
		{147E84F0-5746-4E0C-9E2D-ACF8D0F88490}.Release|x64.ActiveCfg = Release|x64
		{147E84F0-5746-4E0C-9E2D-ACF8D0F88490}.Release|x64.Build.0 = Release|x64
		{147E84F0-5746-4E0C-9E2D-ACF8D0F88490}.Release|x86.ActiveCfg = Release|x86
		{147E84F0-5746-4E0C-9E2D-ACF8D0F88490}.Release|x86.Build.0 = Release|x86
		{8F6CC751-235C-50C4-5D46-F577A04AADF2}.Debug|ARM.ActiveCfg = Debug|ARM
		{8F6CC751-235C-50C4-5D46-F577A04AADF2}.Debug|ARM.Build.0 = Debug|ARM
		{8F6CC751-235C-50C4-5D46-F577A04AADF2}.Debug|x64.ActiveCfg = Debug|x64
		{8F6CC751-235C-50C4-5D46-F577A04AADF2}.Debug|x64.Build.0 = Debug|x64
		{8F6CC751-235C-50C4-5D46-F577A04AADF2}.Debug|x86.ActiveCfg = Debug|Win32
		{8F6CC751-235C-50C4-5D46-F577A04AADF2}.Debug|x86.Build.0 = Debug|Win32
		{8F6CC751-235C-50C4-5D46-F577A04AADF2}.GN|ARM.ActiveCfg = Release|ARM
		{8F6CC751-235C-50C4-5D46-F577A04AADF2}.GN|ARM.Build.0 = Release|ARM
		{8F6CC751-235C-50C4-5D46-F577A04AADF2}.GN|x64.ActiveCfg = Release|x64
		{8F6CC751-235C-50C4-5D46-F577A04AADF2}.GN|x64.Build.0 = Release|x64
		{8F6CC751-235C-50C4-5D46-F577A04AADF2}.GN|x86.ActiveCfg = Release|Win32
		{8F6CC751-235C-50C4-5D46-F577A04AADF2}.GN|x86.Build.0 = Release|Win32
		{8F6CC751-235C-50C4-5D46-F577A04AADF2}.Release|ARM.ActiveCfg = Release|ARM
		{8F6CC751-235C-50C4-5D46-F577A04AADF2}.Release|ARM.Build.0 = Release|ARM
		{8F6CC751-235C-50C4-5D46-F577A04AADF2}.Release|x64.ActiveCfg = Release|x64
		{8F6CC751-235C-50C4-5D46-F577A04AADF2}.Release|x64.Build.0 = Release|x64
		{8F6CC751-235C-50C4-5D46-F577A04AADF2}.Release|x86.ActiveCfg = Release|Win32
		{8F6CC751-235C-50C4-5D46-F577A04AADF2}.Release|x86.Build.0 = Release|Win32
		{6C1B2DE1-79FC-4EC4-AB53-B1F666943EFA}.Debug|ARM.ActiveCfg = Debug|ARM
		{6C1B2DE1-79FC-4EC4-AB53-B1F666943EFA}.Debug|ARM.Build.0 = Debug|ARM
		{6C1B2DE1-79FC-4EC4-AB53-B1F666943EFA}.Debug|ARM.Deploy.0 = Debug|ARM
		{6C1B2DE1-79FC-4EC4-AB53-B1F666943EFA}.Debug|x64.ActiveCfg = Debug|x64
		{6C1B2DE1-79FC-4EC4-AB53-B1F666943EFA}.Debug|x64.Build.0 = Debug|x64
		{6C1B2DE1-79FC-4EC4-AB53-B1F666943EFA}.Debug|x64.Deploy.0 = Debug|x64
		{6C1B2DE1-79FC-4EC4-AB53-B1F666943EFA}.Debug|x86.ActiveCfg = Debug|x86
		{6C1B2DE1-79FC-4EC4-AB53-B1F666943EFA}.Debug|x86.Build.0 = Debug|x86
		{6C1B2DE1-79FC-4EC4-AB53-B1F666943EFA}.Debug|x86.Deploy.0 = Debug|x86
		{6C1B2DE1-79FC-4EC4-AB53-B1F666943EFA}.GN|ARM.ActiveCfg = Release|ARM
		{6C1B2DE1-79FC-4EC4-AB53-B1F666943EFA}.GN|ARM.Build.0 = Release|ARM
		{6C1B2DE1-79FC-4EC4-AB53-B1F666943EFA}.GN|ARM.Deploy.0 = Release|ARM
		{6C1B2DE1-79FC-4EC4-AB53-B1F666943EFA}.GN|x64.ActiveCfg = Release|x64
		{6C1B2DE1-79FC-4EC4-AB53-B1F666943EFA}.GN|x64.Build.0 = Release|x64
		{6C1B2DE1-79FC-4EC4-AB53-B1F666943EFA}.GN|x64.Deploy.0 = Release|x64
		{6C1B2DE1-79FC-4EC4-AB53-B1F666943EFA}.GN|x86.ActiveCfg = Release|x86
		{6C1B2DE1-79FC-4EC4-AB53-B1F666943EFA}.GN|x86.Build.0 = Release|x86
		{6C1B2DE1-79FC-4EC4-AB53-B1F666943EFA}.GN|x86.Deploy.0 = Release|x86
		{6C1B2DE1-79FC-4EC4-AB53-B1F666943EFA}.Release|ARM.ActiveCfg = Release|ARM
		{6C1B2DE1-79FC-4EC4-AB53-B1F666943EFA}.Release|ARM.Build.0 = Release|ARM
		{6C1B2DE1-79FC-4EC4-AB53-B1F666943EFA}.Release|ARM.Deploy.0 = Release|ARM
		{6C1B2DE1-79FC-4EC4-AB53-B1F666943EFA}.Release|x64.ActiveCfg = Release|x64
		{6C1B2DE1-79FC-4EC4-AB53-B1F666943EFA}.Release|x64.Build.0 = Release|x64
		{6C1B2DE1-79FC-4EC4-AB53-B1F666943EFA}.Release|x64.Deploy.0 = Release|x64
		{6C1B2DE1-79FC-4EC4-AB53-B1F666943EFA}.Release|x86.ActiveCfg = Release|x86
		{6C1B2DE1-79FC-4EC4-AB53-B1F666943EFA}.Release|x86.Build.0 = Release|x86
		{6C1B2DE1-79FC-4EC4-AB53-B1F666943EFA}.Release|x86.Deploy.0 = Release|x86
		{B97F0653-F750-F645-0851-C215EED8D7C8}.Debug|ARM.ActiveCfg = GN|Win32
		{B97F0653-F750-F645-0851-C215EED8D7C8}.Debug|ARM.Build.0 = GN|Win32
		{B97F0653-F750-F645-0851-C215EED8D7C8}.Debug|x64.ActiveCfg = GN|Win32
		{B97F0653-F750-F645-0851-C215EED8D7C8}.Debug|x64.Build.0 = GN|Win32
		{B97F0653-F750-F645-0851-C215EED8D7C8}.Debug|x86.ActiveCfg = GN|Win32
		{B97F0653-F750-F645-0851-C215EED8D7C8}.Debug|x86.Build.0 = GN|Win32
		{B97F0653-F750-F645-0851-C215EED8D7C8}.GN|ARM.ActiveCfg = GN|Win32
		{B97F0653-F750-F645-0851-C215EED8D7C8}.GN|x64.ActiveCfg = GN|Win32
		{B97F0653-F750-F645-0851-C215EED8D7C8}.GN|x86.ActiveCfg = GN|Win32
		{B97F0653-F750-F645-0851-C215EED8D7C8}.GN|x86.Build.0 = GN|Win32
		{B97F0653-F750-F645-0851-C215EED8D7C8}.Release|ARM.ActiveCfg = GN|Win32
		{B97F0653-F750-F645-0851-C215EED8D7C8}.Release|ARM.Build.0 = GN|Win32
		{B97F0653-F750-F645-0851-C215EED8D7C8}.Release|x64.ActiveCfg = GN|Win32
		{B97F0653-F750-F645-0851-C215EED8D7C8}.Release|x64.Build.0 = GN|Win32
		{B97F0653-F750-F645-0851-C215EED8D7C8}.Release|x86.ActiveCfg = GN|Win32
		{B97F0653-F750-F645-0851-C215EED8D7C8}.Release|x86.Build.0 = GN|Win32
	EndGlobalSection
	GlobalSection(SolutionProperties) = preSolution
		HideSolutionNode = FALSE
	EndGlobalSection
	GlobalSection(NestedProjects) = preSolution
		{32A4ABD8-EB1C-4198-B261-425E6CADDBEF} = {507EFBC7-5B0B-4ACB-A67A-7F24A2340A86}
		{82F36D17-1986-4A2A-B71F-94B852778141} = {61AB7485-B7E2-4D1F-8A38-BCB027FC1C10}
		{A2EA7350-EE59-42C5-9323-C942B058B217} = {B75554FF-2598-4F34-B11F-027282FB26CD}
		{B75554FF-2598-4F34-B11F-027282FB26CD} = {82F36D17-1986-4A2A-B71F-94B852778141}
		{F01290E5-AA5F-4AB6-938F-674BEDC720F4} = {82F36D17-1986-4A2A-B71F-94B852778141}
		{507EFBC7-5B0B-4ACB-A67A-7F24A2340A86} = {A247AD4E-D83A-40C1-8BB6-6B72F3A1EE5C}
		{147E84F0-5746-4E0C-9E2D-ACF8D0F88490} = {F3CEBBE9-B35F-40D1-B62E-5FA923D9456C}
		{8F6CC751-235C-50C4-5D46-F577A04AADF2} = {543A47F2-E580-4CEE-8591-DBF4CD57F652}
		{543A47F2-E580-4CEE-8591-DBF4CD57F652} = {A247AD4E-D83A-40C1-8BB6-6B72F3A1EE5C}
		{2CD5E71E-748E-4E10-AFAD-BF0F96A330CA} = {61AB7485-B7E2-4D1F-8A38-BCB027FC1C10}
		{6C1B2DE1-79FC-4EC4-AB53-B1F666943EFA} = {2CD5E71E-748E-4E10-AFAD-BF0F96A330CA}
		{B97F0653-F750-F645-0851-C215EED8D7C8} = {F01290E5-AA5F-4AB6-938F-674BEDC720F4}
	EndGlobalSection
EndGlobal
