
Microsoft Visual Studio Solution File, Format Version 12.00
# Visual Studio 14
VisualStudioVersion = 14.0.25420.1
MinimumVisualStudioVersion = 10.0.40219.1
Project("{8BC9CEB8-8B4A-11D0-8D11-00A0C91BC942}") = "Org.WebRtc", "..\projects\msvc\Org.WebRtc.Universal\Org.WebRtc.vcxproj", "{32A4ABD8-EB1C-4198-B261-425E6CADDBEF}"
	ProjectSection(ProjectDependencies) = postProject
		{147E84F0-5746-4E0C-9E2D-ACF8D0F88490} = {147E84F0-5746-4E0C-9E2D-ACF8D0F88490}
	EndProjectSection
EndProject
Project("{2150E333-8FDC-42A3-9474-1A3956D46DE8}") = "Samples", "Samples", "{61AB7485-B7E2-4D1F-8A38-BCB027FC1C10}"
EndProject
Project("{2150E333-8FDC-42A3-9474-1A3956D46DE8}") = "PeerCC", "PeerCC", "{82F36D17-1986-4A2A-B71F-94B852778141}"
EndProject
Project("{FAE04EC0-301F-11D3-BF4B-00C04F79EFBC}") = "PeerConnectionClient.WebRtc", "..\..\..\common\windows\samples\PeerCC\Client\PeerConnectionClient.WebRtc.csproj", "{A2EA7350-EE59-42C5-9323-C942B058B217}"
	ProjectSection(ProjectDependencies) = postProject
		{32A4ABD8-EB1C-4198-B261-425E6CADDBEF} = {32A4ABD8-EB1C-4198-B261-425E6CADDBEF}
	EndProjectSection
EndProject
Project("{2150E333-8FDC-42A3-9474-1A3956D46DE8}") = "Client", "Client", "{B75554FF-2598-4F34-B11F-027282FB26CD}"
EndProject
Project("{2150E333-8FDC-42A3-9474-1A3956D46DE8}") = "Server", "Server", "{F01290E5-AA5F-4AB6-938F-674BEDC720F4}"
EndProject
Project("{8BC9CEB8-8B4A-11D0-8D11-00A0C91BC942}") = "peerconnection_server", "..\..\xplatform\webrtc\webrtc\peerconnection_server.vcxproj", "{6F8340EC-CBA4-FDB2-F8B5-F2D217A3DFC3}"
EndProject
Project("{2150E333-8FDC-42A3-9474-1A3956D46DE8}") = "Api", "Api", "{A247AD4E-D83A-40C1-8BB6-6B72F3A1EE5C}"
EndProject
Project("{2150E333-8FDC-42A3-9474-1A3956D46DE8}") = "Org.WebRtc", "Org.WebRtc", "{507EFBC7-5B0B-4ACB-A67A-7F24A2340A86}"
EndProject
Project("{2150E333-8FDC-42A3-9474-1A3956D46DE8}") = "Utility", "Utility", "{F3CEBBE9-B35F-40D1-B62E-5FA923D9456C}"
EndProject
Project("{FAE04EC0-301F-11D3-BF4B-00C04F79EFBC}") = "WebRtc.Builder", "..\projects\msvc\WebRtc.Builder.Universal\WebRtc.Builder.csproj", "{147E84F0-5746-4E0C-9E2D-ACF8D0F88490}"
EndProject
Project("{2150E333-8FDC-42A3-9474-1A3956D46DE8}") = "ChatterBox", "ChatterBox", "{B628A547-5936-4BBC-8E4D-86B4F2D5A015}"
EndProject
Project("{FAE04EC0-301F-11D3-BF4B-00C04F79EFBC}") = "ChatterBox.Server", "..\..\..\common\windows\samples\ChatterBox\ChatterBox.Server\ChatterBox.Server.csproj", "{6B237D83-603C-42AF-AABE-9A8013EF1805}"
EndProject
Project("{2150E333-8FDC-42A3-9474-1A3956D46DE8}") = "Server", "Server", "{ACDE7462-3C55-4C60-B24C-7F81D4853749}"
EndProject
Project("{2150E333-8FDC-42A3-9474-1A3956D46DE8}") = "Client", "Client", "{3E40FA14-1992-423F-BFE4-25B36A3B19BB}"
EndProject
Project("{8BC9CEB8-8B4A-11D0-8D11-00A0C91BC942}") = "BackgroundHost", "..\..\..\common\windows\samples\ChatterBox\BackgroundHost\BackgroundHost.vcxproj", "{4497E847-8611-4545-BDBE-CE9744C7013C}"
EndProject
Project("{8BC9CEB8-8B4A-11D0-8D11-00A0C91BC942}") = "ChatterBoxClient.Universal.BackgroundRenderer", "..\..\..\common\windows\samples\ChatterBox\ChatterBoxClient.Universal.BackgroundRenderer\ChatterBoxClient.Universal.BackgroundRenderer.vcxproj", "{974FCAB6-06ED-40D5-954B-11157513F077}"
EndProject
Project("{8BC9CEB8-8B4A-11D0-8D11-00A0C91BC942}") = "ChatterBox.Client.WebRTCSwapChainPanel", "..\..\..\common\windows\samples\ChatterBox\ChatterBox.Client.WebRTCSwapChainPanel\ChatterBox.Client.WebRTCSwapChainPanel.vcxproj", "{EE989715-F6B1-4BDC-8BFC-BA5CA5567ABB}"
EndProject
Project("{FAE04EC0-301F-11D3-BF4B-00C04F79EFBC}") = "ChatterBox", "..\..\..\common\windows\samples\ChatterBox\ChatterBox\ChatterBox.csproj", "{5DDBE40B-AB1C-45FF-8F59-064F884E8A62}"
EndProject
Project("{FAE04EC0-301F-11D3-BF4B-00C04F79EFBC}") = "ChatterBox.Background", "..\..\..\common\windows\samples\ChatterBox\ChatterBox.Background\ChatterBox.Background.csproj", "{E982C08B-4F8F-47C4-AB8C-8B7F36CCB682}"
EndProject
Project("{D954291E-2A0B-460D-934E-DC6B0785DB48}") = "ChatterBox.Communication.Shared", "..\..\..\common\windows\samples\ChatterBox\ChatterBox.Communication.Shared\ChatterBox.Communication.Shared.shproj", "{7FBA9AC3-A3E4-4C99-9C3B-F1C76BF2FF59}"
EndProject
Project("{FAE04EC0-301F-11D3-BF4B-00C04F79EFBC}") = "ChatterBox.Communication", "..\..\..\common\windows\samples\ChatterBox\ChatterBox.Communication\ChatterBox.Communication.csproj", "{724446B9-496E-4B7A-B944-0F79ECDE77F0}"
EndProject
Project("{2150E333-8FDC-42A3-9474-1A3956D46DE8}") = "Shared", "Shared", "{1E952E90-393C-442A-81D2-166D5C137BDD}"
EndProject
Project("{8BC9CEB8-8B4A-11D0-8D11-00A0C91BC942}") = "WebRtc.Stats.Observer", "..\projects\msvc\WebRtc.Stats.Observer.Universal\WebRtc.Stats.Observer.vcxproj", "{8F6CC751-235C-50C4-5D46-F577A04AADF2}"
EndProject
Project("{2150E333-8FDC-42A3-9474-1A3956D46DE8}") = "Stats", "Stats", "{543A47F2-E580-4CEE-8591-DBF4CD57F652}"
EndProject
Project("{2150E333-8FDC-42A3-9474-1A3956D46DE8}") = "AppRtc", "AppRtc", "{AF2757D0-33D0-49E2-A9D1-F3D4A1F7F411}"
EndProject
Project("{262852C6-CD72-467D-83FE-5EEB1973A190}") = "appRTC_win_JS.Win10", "..\..\..\common\windows\samples\AppRTC\appRTC_win_JS.Win10\appRTC_win_JS.Win10.jsproj", "{6C1B2DE1-79FC-4EC4-AB53-B1F666943EFA}"
EndProject
Global
	GlobalSection(SharedMSBuildProjectFiles) = preSolution
		..\..\..\common\windows\samples\ChatterBox\ChatterBox.Communication.Shared\ChatterBox.Communication.Shared.projitems*{6b237d83-603c-42af-aabe-9a8013ef1805}*SharedItemsImports = 4
		..\..\..\common\windows\samples\ChatterBox\ChatterBox.Communication.Shared\ChatterBox.Communication.Shared.projitems*{724446b9-496e-4b7a-b944-0f79ecde77f0}*SharedItemsImports = 4
		..\..\..\common\windows\samples\ChatterBox\ChatterBox.Communication.Shared\ChatterBox.Communication.Shared.projitems*{7fba9ac3-a3e4-4c99-9c3b-f1c76bf2ff59}*SharedItemsImports = 13
	EndGlobalSection
	GlobalSection(SolutionConfigurationPlatforms) = preSolution
		Debug|ARM = Debug|ARM
		Debug|x64 = Debug|x64
		Debug|x86 = Debug|x86
		Release|ARM = Release|ARM
		Release|x64 = Release|x64
		Release|x86 = Release|x86
	EndGlobalSection
	GlobalSection(ProjectConfigurationPlatforms) = postSolution
		{32A4ABD8-EB1C-4198-B261-425E6CADDBEF}.Debug|ARM.ActiveCfg = Debug|ARM
		{32A4ABD8-EB1C-4198-B261-425E6CADDBEF}.Debug|ARM.Build.0 = Debug|ARM
		{32A4ABD8-EB1C-4198-B261-425E6CADDBEF}.Debug|x64.ActiveCfg = Debug|x64
		{32A4ABD8-EB1C-4198-B261-425E6CADDBEF}.Debug|x64.Build.0 = Debug|x64
		{32A4ABD8-EB1C-4198-B261-425E6CADDBEF}.Debug|x86.ActiveCfg = Debug|Win32
		{32A4ABD8-EB1C-4198-B261-425E6CADDBEF}.Debug|x86.Build.0 = Debug|Win32
		{32A4ABD8-EB1C-4198-B261-425E6CADDBEF}.Release|ARM.ActiveCfg = Release|ARM
		{32A4ABD8-EB1C-4198-B261-425E6CADDBEF}.Release|ARM.Build.0 = Release|ARM
		{32A4ABD8-EB1C-4198-B261-425E6CADDBEF}.Release|x64.ActiveCfg = Release|x64
		{32A4ABD8-EB1C-4198-B261-425E6CADDBEF}.Release|x64.Build.0 = Release|x64
		{32A4ABD8-EB1C-4198-B261-425E6CADDBEF}.Release|x86.ActiveCfg = Release|Win32
		{32A4ABD8-EB1C-4198-B261-425E6CADDBEF}.Release|x86.Build.0 = Release|Win32
		{A2EA7350-EE59-42C5-9323-C942B058B217}.Debug|ARM.ActiveCfg = Debug|ARM
		{A2EA7350-EE59-42C5-9323-C942B058B217}.Debug|ARM.Build.0 = Debug|ARM
		{A2EA7350-EE59-42C5-9323-C942B058B217}.Debug|ARM.Deploy.0 = Debug|ARM
		{A2EA7350-EE59-42C5-9323-C942B058B217}.Debug|x64.ActiveCfg = Debug|x64
		{A2EA7350-EE59-42C5-9323-C942B058B217}.Debug|x64.Build.0 = Debug|x64
		{A2EA7350-EE59-42C5-9323-C942B058B217}.Debug|x64.Deploy.0 = Debug|x64
		{A2EA7350-EE59-42C5-9323-C942B058B217}.Debug|x86.ActiveCfg = Debug|x86
		{A2EA7350-EE59-42C5-9323-C942B058B217}.Debug|x86.Build.0 = Debug|x86
		{A2EA7350-EE59-42C5-9323-C942B058B217}.Debug|x86.Deploy.0 = Debug|x86
		{A2EA7350-EE59-42C5-9323-C942B058B217}.Release|ARM.ActiveCfg = Release|ARM
		{A2EA7350-EE59-42C5-9323-C942B058B217}.Release|ARM.Build.0 = Release|ARM
		{A2EA7350-EE59-42C5-9323-C942B058B217}.Release|ARM.Deploy.0 = Release|ARM
		{A2EA7350-EE59-42C5-9323-C942B058B217}.Release|x64.ActiveCfg = Release|x64
		{A2EA7350-EE59-42C5-9323-C942B058B217}.Release|x64.Build.0 = Release|x64
		{A2EA7350-EE59-42C5-9323-C942B058B217}.Release|x64.Deploy.0 = Release|x64
		{A2EA7350-EE59-42C5-9323-C942B058B217}.Release|x86.ActiveCfg = Release|x86
		{A2EA7350-EE59-42C5-9323-C942B058B217}.Release|x86.Build.0 = Release|x86
		{A2EA7350-EE59-42C5-9323-C942B058B217}.Release|x86.Deploy.0 = Release|x86
		{6F8340EC-CBA4-FDB2-F8B5-F2D217A3DFC3}.Debug|ARM.ActiveCfg = Debug|Win32
		{6F8340EC-CBA4-FDB2-F8B5-F2D217A3DFC3}.Debug|x64.ActiveCfg = Debug|x64
		{6F8340EC-CBA4-FDB2-F8B5-F2D217A3DFC3}.Debug|x86.ActiveCfg = Debug|Win32
		{6F8340EC-CBA4-FDB2-F8B5-F2D217A3DFC3}.Debug|x86.Build.0 = Debug|Win32
		{6F8340EC-CBA4-FDB2-F8B5-F2D217A3DFC3}.Release|ARM.ActiveCfg = Release|Win32
		{6F8340EC-CBA4-FDB2-F8B5-F2D217A3DFC3}.Release|x64.ActiveCfg = Release|x64
		{6F8340EC-CBA4-FDB2-F8B5-F2D217A3DFC3}.Release|x86.ActiveCfg = Release|Win32
		{6F8340EC-CBA4-FDB2-F8B5-F2D217A3DFC3}.Release|x86.Build.0 = Release|Win32
		{147E84F0-5746-4E0C-9E2D-ACF8D0F88490}.Debug|ARM.ActiveCfg = Debug|ARM
		{147E84F0-5746-4E0C-9E2D-ACF8D0F88490}.Debug|ARM.Build.0 = Debug|ARM
		{147E84F0-5746-4E0C-9E2D-ACF8D0F88490}.Debug|x64.ActiveCfg = Debug|x64
		{147E84F0-5746-4E0C-9E2D-ACF8D0F88490}.Debug|x64.Build.0 = Debug|x64
		{147E84F0-5746-4E0C-9E2D-ACF8D0F88490}.Debug|x86.ActiveCfg = Debug|x86
		{147E84F0-5746-4E0C-9E2D-ACF8D0F88490}.Debug|x86.Build.0 = Debug|x86
		{147E84F0-5746-4E0C-9E2D-ACF8D0F88490}.Release|ARM.ActiveCfg = Release|ARM
		{147E84F0-5746-4E0C-9E2D-ACF8D0F88490}.Release|ARM.Build.0 = Release|ARM
		{147E84F0-5746-4E0C-9E2D-ACF8D0F88490}.Release|x64.ActiveCfg = Release|x64
		{147E84F0-5746-4E0C-9E2D-ACF8D0F88490}.Release|x64.Build.0 = Release|x64
		{147E84F0-5746-4E0C-9E2D-ACF8D0F88490}.Release|x86.ActiveCfg = Release|x86
		{147E84F0-5746-4E0C-9E2D-ACF8D0F88490}.Release|x86.Build.0 = Release|x86
		{6B237D83-603C-42AF-AABE-9A8013EF1805}.Debug|ARM.ActiveCfg = Debug|x86
		{6B237D83-603C-42AF-AABE-9A8013EF1805}.Debug|ARM.Build.0 = Debug|x86
		{6B237D83-603C-42AF-AABE-9A8013EF1805}.Debug|x64.ActiveCfg = Debug|x64
		{6B237D83-603C-42AF-AABE-9A8013EF1805}.Debug|x64.Build.0 = Debug|x64
		{6B237D83-603C-42AF-AABE-9A8013EF1805}.Debug|x86.ActiveCfg = Debug|x86
		{6B237D83-603C-42AF-AABE-9A8013EF1805}.Debug|x86.Build.0 = Debug|x86
		{6B237D83-603C-42AF-AABE-9A8013EF1805}.Release|ARM.ActiveCfg = Release|x86
		{6B237D83-603C-42AF-AABE-9A8013EF1805}.Release|ARM.Build.0 = Release|x86
		{6B237D83-603C-42AF-AABE-9A8013EF1805}.Release|x64.ActiveCfg = Release|x64
		{6B237D83-603C-42AF-AABE-9A8013EF1805}.Release|x64.Build.0 = Release|x64
		{6B237D83-603C-42AF-AABE-9A8013EF1805}.Release|x86.ActiveCfg = Release|x86
		{6B237D83-603C-42AF-AABE-9A8013EF1805}.Release|x86.Build.0 = Release|x86
		{4497E847-8611-4545-BDBE-CE9744C7013C}.Debug|ARM.ActiveCfg = Debug|ARM
		{4497E847-8611-4545-BDBE-CE9744C7013C}.Debug|ARM.Build.0 = Debug|ARM
		{4497E847-8611-4545-BDBE-CE9744C7013C}.Debug|x64.ActiveCfg = Debug|x64
		{4497E847-8611-4545-BDBE-CE9744C7013C}.Debug|x64.Build.0 = Debug|x64
		{4497E847-8611-4545-BDBE-CE9744C7013C}.Debug|x86.ActiveCfg = Debug|Win32
		{4497E847-8611-4545-BDBE-CE9744C7013C}.Debug|x86.Build.0 = Debug|Win32
		{4497E847-8611-4545-BDBE-CE9744C7013C}.Release|ARM.ActiveCfg = Release|ARM
		{4497E847-8611-4545-BDBE-CE9744C7013C}.Release|ARM.Build.0 = Release|ARM
		{4497E847-8611-4545-BDBE-CE9744C7013C}.Release|x64.ActiveCfg = Release|x64
		{4497E847-8611-4545-BDBE-CE9744C7013C}.Release|x64.Build.0 = Release|x64
		{4497E847-8611-4545-BDBE-CE9744C7013C}.Release|x86.ActiveCfg = Release|Win32
		{4497E847-8611-4545-BDBE-CE9744C7013C}.Release|x86.Build.0 = Release|Win32
		{974FCAB6-06ED-40D5-954B-11157513F077}.Debug|ARM.ActiveCfg = Debug|ARM
		{974FCAB6-06ED-40D5-954B-11157513F077}.Debug|ARM.Build.0 = Debug|ARM
		{974FCAB6-06ED-40D5-954B-11157513F077}.Debug|x64.ActiveCfg = Debug|x64
		{974FCAB6-06ED-40D5-954B-11157513F077}.Debug|x64.Build.0 = Debug|x64
		{974FCAB6-06ED-40D5-954B-11157513F077}.Debug|x86.ActiveCfg = Debug|Win32
		{974FCAB6-06ED-40D5-954B-11157513F077}.Debug|x86.Build.0 = Debug|Win32
		{974FCAB6-06ED-40D5-954B-11157513F077}.Release|ARM.ActiveCfg = Release|ARM
		{974FCAB6-06ED-40D5-954B-11157513F077}.Release|ARM.Build.0 = Release|ARM
		{974FCAB6-06ED-40D5-954B-11157513F077}.Release|x64.ActiveCfg = Release|x64
		{974FCAB6-06ED-40D5-954B-11157513F077}.Release|x64.Build.0 = Release|x64
		{974FCAB6-06ED-40D5-954B-11157513F077}.Release|x86.ActiveCfg = Release|Win32
		{974FCAB6-06ED-40D5-954B-11157513F077}.Release|x86.Build.0 = Release|Win32
		{EE989715-F6B1-4BDC-8BFC-BA5CA5567ABB}.Debug|ARM.ActiveCfg = Debug|ARM
		{EE989715-F6B1-4BDC-8BFC-BA5CA5567ABB}.Debug|ARM.Build.0 = Debug|ARM
		{EE989715-F6B1-4BDC-8BFC-BA5CA5567ABB}.Debug|x64.ActiveCfg = Debug|x64
		{EE989715-F6B1-4BDC-8BFC-BA5CA5567ABB}.Debug|x64.Build.0 = Debug|x64
		{EE989715-F6B1-4BDC-8BFC-BA5CA5567ABB}.Debug|x86.ActiveCfg = Debug|Win32
		{EE989715-F6B1-4BDC-8BFC-BA5CA5567ABB}.Debug|x86.Build.0 = Debug|Win32
		{EE989715-F6B1-4BDC-8BFC-BA5CA5567ABB}.Release|ARM.ActiveCfg = Release|ARM
		{EE989715-F6B1-4BDC-8BFC-BA5CA5567ABB}.Release|ARM.Build.0 = Release|ARM
		{EE989715-F6B1-4BDC-8BFC-BA5CA5567ABB}.Release|x64.ActiveCfg = Release|x64
		{EE989715-F6B1-4BDC-8BFC-BA5CA5567ABB}.Release|x64.Build.0 = Release|x64
		{EE989715-F6B1-4BDC-8BFC-BA5CA5567ABB}.Release|x86.ActiveCfg = Release|Win32
		{EE989715-F6B1-4BDC-8BFC-BA5CA5567ABB}.Release|x86.Build.0 = Release|Win32
		{5DDBE40B-AB1C-45FF-8F59-064F884E8A62}.Debug|ARM.ActiveCfg = Debug|ARM
		{5DDBE40B-AB1C-45FF-8F59-064F884E8A62}.Debug|ARM.Build.0 = Debug|ARM
		{5DDBE40B-AB1C-45FF-8F59-064F884E8A62}.Debug|ARM.Deploy.0 = Debug|ARM
		{5DDBE40B-AB1C-45FF-8F59-064F884E8A62}.Debug|x64.ActiveCfg = Debug|x64
		{5DDBE40B-AB1C-45FF-8F59-064F884E8A62}.Debug|x64.Build.0 = Debug|x64
		{5DDBE40B-AB1C-45FF-8F59-064F884E8A62}.Debug|x64.Deploy.0 = Debug|x64
		{5DDBE40B-AB1C-45FF-8F59-064F884E8A62}.Debug|x86.ActiveCfg = Debug|x86
		{5DDBE40B-AB1C-45FF-8F59-064F884E8A62}.Debug|x86.Build.0 = Debug|x86
		{5DDBE40B-AB1C-45FF-8F59-064F884E8A62}.Debug|x86.Deploy.0 = Debug|x86
		{5DDBE40B-AB1C-45FF-8F59-064F884E8A62}.Release|ARM.ActiveCfg = Release|ARM
		{5DDBE40B-AB1C-45FF-8F59-064F884E8A62}.Release|ARM.Build.0 = Release|ARM
		{5DDBE40B-AB1C-45FF-8F59-064F884E8A62}.Release|ARM.Deploy.0 = Release|ARM
		{5DDBE40B-AB1C-45FF-8F59-064F884E8A62}.Release|x64.ActiveCfg = Release|x64
		{5DDBE40B-AB1C-45FF-8F59-064F884E8A62}.Release|x64.Build.0 = Release|x64
		{5DDBE40B-AB1C-45FF-8F59-064F884E8A62}.Release|x64.Deploy.0 = Release|x64
		{5DDBE40B-AB1C-45FF-8F59-064F884E8A62}.Release|x86.ActiveCfg = Release|x86
		{5DDBE40B-AB1C-45FF-8F59-064F884E8A62}.Release|x86.Build.0 = Release|x86
		{5DDBE40B-AB1C-45FF-8F59-064F884E8A62}.Release|x86.Deploy.0 = Release|x86
		{E982C08B-4F8F-47C4-AB8C-8B7F36CCB682}.Debug|ARM.ActiveCfg = Debug|ARM
		{E982C08B-4F8F-47C4-AB8C-8B7F36CCB682}.Debug|ARM.Build.0 = Debug|ARM
		{E982C08B-4F8F-47C4-AB8C-8B7F36CCB682}.Debug|x64.ActiveCfg = Debug|x64
		{E982C08B-4F8F-47C4-AB8C-8B7F36CCB682}.Debug|x64.Build.0 = Debug|x64
		{E982C08B-4F8F-47C4-AB8C-8B7F36CCB682}.Debug|x86.ActiveCfg = Debug|x86
		{E982C08B-4F8F-47C4-AB8C-8B7F36CCB682}.Debug|x86.Build.0 = Debug|x86
		{E982C08B-4F8F-47C4-AB8C-8B7F36CCB682}.Release|ARM.ActiveCfg = Release|ARM
		{E982C08B-4F8F-47C4-AB8C-8B7F36CCB682}.Release|ARM.Build.0 = Release|ARM
		{E982C08B-4F8F-47C4-AB8C-8B7F36CCB682}.Release|x64.ActiveCfg = Release|x64
		{E982C08B-4F8F-47C4-AB8C-8B7F36CCB682}.Release|x64.Build.0 = Release|x64
		{E982C08B-4F8F-47C4-AB8C-8B7F36CCB682}.Release|x86.ActiveCfg = Release|x86
		{E982C08B-4F8F-47C4-AB8C-8B7F36CCB682}.Release|x86.Build.0 = Release|x86
		{724446B9-496E-4B7A-B944-0F79ECDE77F0}.Debug|ARM.ActiveCfg = Debug|ARM
		{724446B9-496E-4B7A-B944-0F79ECDE77F0}.Debug|ARM.Build.0 = Debug|ARM
		{724446B9-496E-4B7A-B944-0F79ECDE77F0}.Debug|x64.ActiveCfg = Debug|x64
		{724446B9-496E-4B7A-B944-0F79ECDE77F0}.Debug|x64.Build.0 = Debug|x64
		{724446B9-496E-4B7A-B944-0F79ECDE77F0}.Debug|x86.ActiveCfg = Debug|x86
		{724446B9-496E-4B7A-B944-0F79ECDE77F0}.Debug|x86.Build.0 = Debug|x86
		{724446B9-496E-4B7A-B944-0F79ECDE77F0}.Release|ARM.ActiveCfg = Release|ARM
		{724446B9-496E-4B7A-B944-0F79ECDE77F0}.Release|ARM.Build.0 = Release|ARM
		{724446B9-496E-4B7A-B944-0F79ECDE77F0}.Release|x64.ActiveCfg = Release|x64
		{724446B9-496E-4B7A-B944-0F79ECDE77F0}.Release|x64.Build.0 = Release|x64
		{724446B9-496E-4B7A-B944-0F79ECDE77F0}.Release|x86.ActiveCfg = Release|x86
		{724446B9-496E-4B7A-B944-0F79ECDE77F0}.Release|x86.Build.0 = Release|x86
		{8F6CC751-235C-50C4-5D46-F577A04AADF2}.Debug|ARM.ActiveCfg = Debug|ARM
		{8F6CC751-235C-50C4-5D46-F577A04AADF2}.Debug|ARM.Build.0 = Debug|ARM
		{8F6CC751-235C-50C4-5D46-F577A04AADF2}.Debug|x64.ActiveCfg = Debug|x64
		{8F6CC751-235C-50C4-5D46-F577A04AADF2}.Debug|x64.Build.0 = Debug|x64
		{8F6CC751-235C-50C4-5D46-F577A04AADF2}.Debug|x86.ActiveCfg = Debug|Win32
		{8F6CC751-235C-50C4-5D46-F577A04AADF2}.Debug|x86.Build.0 = Debug|Win32
		{8F6CC751-235C-50C4-5D46-F577A04AADF2}.Release|ARM.ActiveCfg = Release|ARM
		{8F6CC751-235C-50C4-5D46-F577A04AADF2}.Release|ARM.Build.0 = Release|ARM
		{8F6CC751-235C-50C4-5D46-F577A04AADF2}.Release|x64.ActiveCfg = Release|x64
		{8F6CC751-235C-50C4-5D46-F577A04AADF2}.Release|x64.Build.0 = Release|x64
		{8F6CC751-235C-50C4-5D46-F577A04AADF2}.Release|x86.ActiveCfg = Release|Win32
		{8F6CC751-235C-50C4-5D46-F577A04AADF2}.Release|x86.Build.0 = Release|Win32
		{6C1B2DE1-79FC-4EC4-AB53-B1F666943EFA}.Debug|ARM.ActiveCfg = Debug|ARM
		{6C1B2DE1-79FC-4EC4-AB53-B1F666943EFA}.Debug|ARM.Build.0 = Debug|ARM
		{6C1B2DE1-79FC-4EC4-AB53-B1F666943EFA}.Debug|ARM.Deploy.0 = Debug|ARM
		{6C1B2DE1-79FC-4EC4-AB53-B1F666943EFA}.Debug|x64.ActiveCfg = Debug|x64
		{6C1B2DE1-79FC-4EC4-AB53-B1F666943EFA}.Debug|x64.Build.0 = Debug|x64
		{6C1B2DE1-79FC-4EC4-AB53-B1F666943EFA}.Debug|x64.Deploy.0 = Debug|x64
		{6C1B2DE1-79FC-4EC4-AB53-B1F666943EFA}.Debug|x86.ActiveCfg = Debug|x86
		{6C1B2DE1-79FC-4EC4-AB53-B1F666943EFA}.Debug|x86.Build.0 = Debug|x86
		{6C1B2DE1-79FC-4EC4-AB53-B1F666943EFA}.Debug|x86.Deploy.0 = Debug|x86
		{6C1B2DE1-79FC-4EC4-AB53-B1F666943EFA}.Release|ARM.ActiveCfg = Release|ARM
		{6C1B2DE1-79FC-4EC4-AB53-B1F666943EFA}.Release|ARM.Build.0 = Release|ARM
		{6C1B2DE1-79FC-4EC4-AB53-B1F666943EFA}.Release|ARM.Deploy.0 = Release|ARM
		{6C1B2DE1-79FC-4EC4-AB53-B1F666943EFA}.Release|x64.ActiveCfg = Release|x64
		{6C1B2DE1-79FC-4EC4-AB53-B1F666943EFA}.Release|x64.Build.0 = Release|x64
		{6C1B2DE1-79FC-4EC4-AB53-B1F666943EFA}.Release|x64.Deploy.0 = Release|x64
		{6C1B2DE1-79FC-4EC4-AB53-B1F666943EFA}.Release|x86.ActiveCfg = Release|x86
		{6C1B2DE1-79FC-4EC4-AB53-B1F666943EFA}.Release|x86.Build.0 = Release|x86
		{6C1B2DE1-79FC-4EC4-AB53-B1F666943EFA}.Release|x86.Deploy.0 = Release|x86
	EndGlobalSection
	GlobalSection(SolutionProperties) = preSolution
		HideSolutionNode = FALSE
	EndGlobalSection
	GlobalSection(NestedProjects) = preSolution
		{32A4ABD8-EB1C-4198-B261-425E6CADDBEF} = {507EFBC7-5B0B-4ACB-A67A-7F24A2340A86}
		{82F36D17-1986-4A2A-B71F-94B852778141} = {61AB7485-B7E2-4D1F-8A38-BCB027FC1C10}
		{A2EA7350-EE59-42C5-9323-C942B058B217} = {B75554FF-2598-4F34-B11F-027282FB26CD}
		{B75554FF-2598-4F34-B11F-027282FB26CD} = {82F36D17-1986-4A2A-B71F-94B852778141}
		{F01290E5-AA5F-4AB6-938F-674BEDC720F4} = {82F36D17-1986-4A2A-B71F-94B852778141}
		{6F8340EC-CBA4-FDB2-F8B5-F2D217A3DFC3} = {F01290E5-AA5F-4AB6-938F-674BEDC720F4}
		{507EFBC7-5B0B-4ACB-A67A-7F24A2340A86} = {A247AD4E-D83A-40C1-8BB6-6B72F3A1EE5C}
		{147E84F0-5746-4E0C-9E2D-ACF8D0F88490} = {F3CEBBE9-B35F-40D1-B62E-5FA923D9456C}
		{B628A547-5936-4BBC-8E4D-86B4F2D5A015} = {61AB7485-B7E2-4D1F-8A38-BCB027FC1C10}
		{6B237D83-603C-42AF-AABE-9A8013EF1805} = {ACDE7462-3C55-4C60-B24C-7F81D4853749}
		{ACDE7462-3C55-4C60-B24C-7F81D4853749} = {B628A547-5936-4BBC-8E4D-86B4F2D5A015}
		{3E40FA14-1992-423F-BFE4-25B36A3B19BB} = {B628A547-5936-4BBC-8E4D-86B4F2D5A015}
		{4497E847-8611-4545-BDBE-CE9744C7013C} = {3E40FA14-1992-423F-BFE4-25B36A3B19BB}
		{974FCAB6-06ED-40D5-954B-11157513F077} = {3E40FA14-1992-423F-BFE4-25B36A3B19BB}
		{EE989715-F6B1-4BDC-8BFC-BA5CA5567ABB} = {3E40FA14-1992-423F-BFE4-25B36A3B19BB}
		{5DDBE40B-AB1C-45FF-8F59-064F884E8A62} = {3E40FA14-1992-423F-BFE4-25B36A3B19BB}
		{E982C08B-4F8F-47C4-AB8C-8B7F36CCB682} = {3E40FA14-1992-423F-BFE4-25B36A3B19BB}
		{7FBA9AC3-A3E4-4C99-9C3B-F1C76BF2FF59} = {1E952E90-393C-442A-81D2-166D5C137BDD}
		{724446B9-496E-4B7A-B944-0F79ECDE77F0} = {1E952E90-393C-442A-81D2-166D5C137BDD}
		{1E952E90-393C-442A-81D2-166D5C137BDD} = {B628A547-5936-4BBC-8E4D-86B4F2D5A015}
		{8F6CC751-235C-50C4-5D46-F577A04AADF2} = {543A47F2-E580-4CEE-8591-DBF4CD57F652}
		{543A47F2-E580-4CEE-8591-DBF4CD57F652} = {A247AD4E-D83A-40C1-8BB6-6B72F3A1EE5C}
		{AF2757D0-33D0-49E2-A9D1-F3D4A1F7F411} = {61AB7485-B7E2-4D1F-8A38-BCB027FC1C10}
		{6C1B2DE1-79FC-4EC4-AB53-B1F666943EFA} = {AF2757D0-33D0-49E2-A9D1-F3D4A1F7F411}
	EndGlobalSection
EndGlobal
