<?xml version="1.0" encoding="utf-8"?>
<Project ToolsVersion="4.0" xmlns="http://schemas.microsoft.com/developer/msbuild/2003">
  <ItemGroup>
    <Filter Include="wrapper">
      <UniqueIdentifier>{9ce4b1ab-263d-43d1-9d99-329b4eb20caf}</UniqueIdentifier>
    </Filter>
    <Filter Include="wrapper\generated">
      <UniqueIdentifier>{26b1cd72-e0cd-431d-a6c7-a793e5e7a4c0}</UniqueIdentifier>
    </Filter>
    <Filter Include="wrapper\override">
      <UniqueIdentifier>{30cdec3d-814c-4851-be92-899429ee07d7}</UniqueIdentifier>
    </Filter>
  </ItemGroup>
  <ItemGroup>
    <ClInclude Include="targetver.h" />
    <ClInclude Include="..\..\..\..\xplatform\webrtc\sdk\windows\wrapper\generated\org_webRtc_AudioBuffer.h">
      <Filter>wrapper\generated</Filter>
    </ClInclude>
    <ClInclude Include="..\..\..\..\xplatform\webrtc\sdk\windows\wrapper\generated\org_webRtc_AudioBufferConfiguration.h">
      <Filter>wrapper\generated</Filter>
    </ClInclude>
    <ClInclude Include="..\..\..\..\xplatform\webrtc\sdk\windows\wrapper\generated\org_webRtc_AudioBufferEvent.h">
      <Filter>wrapper\generated</Filter>
    </ClInclude>
    <ClInclude Include="..\..\..\..\xplatform\webrtc\sdk\windows\wrapper\generated\org_webRtc_AudioData.h">
      <Filter>wrapper\generated</Filter>
    </ClInclude>
    <ClInclude Include="..\..\..\..\xplatform\webrtc\sdk\windows\wrapper\generated\org_webRtc_AudioFrame.h">
      <Filter>wrapper\generated</Filter>
    </ClInclude>
    <ClInclude Include="..\..\..\..\xplatform\webrtc\sdk\windows\wrapper\generated\org_webRtc_AudioOptions.h">
      <Filter>wrapper\generated</Filter>
    </ClInclude>
    <ClInclude Include="..\..\..\..\xplatform\webrtc\sdk\windows\wrapper\generated\org_webRtc_AudioProcessingInitializeEvent.h">
      <Filter>wrapper\generated</Filter>
    </ClInclude>
    <ClInclude Include="..\..\..\..\xplatform\webrtc\sdk\windows\wrapper\generated\org_webRtc_AudioProcessingRuntimeSettingEvent.h">
      <Filter>wrapper\generated</Filter>
    </ClInclude>
    <ClInclude Include="..\..\..\..\xplatform\webrtc\sdk\windows\wrapper\generated\org_webRtc_AudioTrackSource.h">
      <Filter>wrapper\generated</Filter>
    </ClInclude>
    <ClInclude Include="..\..\..\..\xplatform\webrtc\sdk\windows\wrapper\generated\org_webRtc_Constraint.h">
      <Filter>wrapper\generated</Filter>
    </ClInclude>
    <ClInclude Include="..\..\..\..\xplatform\webrtc\sdk\windows\wrapper\generated\org_webRtc_EventQueue.h">
      <Filter>wrapper\generated</Filter>
    </ClInclude>
    <ClInclude Include="..\..\..\..\xplatform\webrtc\sdk\windows\wrapper\generated\org_webRtc_EventQueueMaker.h">
      <Filter>wrapper\generated</Filter>
    </ClInclude>
    <ClInclude Include="..\..\..\..\xplatform\webrtc\sdk\windows\wrapper\generated\org_webRtc_MediaConstraints.h">
      <Filter>wrapper\generated</Filter>
    </ClInclude>
    <ClInclude Include="..\..\..\..\xplatform\webrtc\sdk\windows\wrapper\generated\org_webRtc_MediaElement.h">
      <Filter>wrapper\generated</Filter>
    </ClInclude>
    <ClInclude Include="..\..\..\..\xplatform\webrtc\sdk\windows\wrapper\generated\org_webRtc_MediaElementMaker.h">
      <Filter>wrapper\generated</Filter>
    </ClInclude>
    <ClInclude Include="..\..\..\..\xplatform\webrtc\sdk\windows\wrapper\generated\org_webRtc_MediaSample.h">
      <Filter>wrapper\generated</Filter>
    </ClInclude>
    <ClInclude Include="..\..\..\..\xplatform\webrtc\sdk\windows\wrapper\generated\org_webRtc_MediaSource.h">
      <Filter>wrapper\generated</Filter>
    </ClInclude>
    <ClInclude Include="..\..\..\..\xplatform\webrtc\sdk\windows\wrapper\generated\org_webRtc_MediaStreamTrack.h">
      <Filter>wrapper\generated</Filter>
    </ClInclude>
    <ClInclude Include="..\..\..\..\xplatform\webrtc\sdk\windows\wrapper\generated\org_webRtc_MediaTrackSource.h">
      <Filter>wrapper\generated</Filter>
    </ClInclude>
    <ClInclude Include="..\..\..\..\xplatform\webrtc\sdk\windows\wrapper\generated\org_webRtc_MessageEvent.h">
      <Filter>wrapper\generated</Filter>
    </ClInclude>
    <ClInclude Include="..\..\..\..\xplatform\webrtc\sdk\windows\wrapper\generated\org_webRtc_MillisecondIntervalRange.h">
      <Filter>wrapper\generated</Filter>
    </ClInclude>
    <ClInclude Include="..\..\..\..\xplatform\webrtc\sdk\windows\wrapper\generated\org_webRtc_RTCAnswerOptions.h">
      <Filter>wrapper\generated</Filter>
    </ClInclude>
    <ClInclude Include="..\..\..\..\xplatform\webrtc\sdk\windows\wrapper\generated\org_webRtc_RTCAudioHandlerStats.h">
      <Filter>wrapper\generated</Filter>
    </ClInclude>
    <ClInclude Include="..\..\..\..\xplatform\webrtc\sdk\windows\wrapper\generated\org_webRtc_RTCAudioReceiverStats.h">
      <Filter>wrapper\generated</Filter>
    </ClInclude>
    <ClInclude Include="..\..\..\..\xplatform\webrtc\sdk\windows\wrapper\generated\org_webRtc_RTCAudioSenderStats.h">
      <Filter>wrapper\generated</Filter>
    </ClInclude>
    <ClInclude Include="..\..\..\..\xplatform\webrtc\sdk\windows\wrapper\generated\org_webRtc_RTCBitrateParameters.h">
      <Filter>wrapper\generated</Filter>
    </ClInclude>
    <ClInclude Include="..\..\..\..\xplatform\webrtc\sdk\windows\wrapper\generated\org_webRtc_RTCCertificate.h">
      <Filter>wrapper\generated</Filter>
    </ClInclude>
    <ClInclude Include="..\..\..\..\xplatform\webrtc\sdk\windows\wrapper\generated\org_webRtc_RTCCertificateStats.h">
      <Filter>wrapper\generated</Filter>
    </ClInclude>
    <ClInclude Include="..\..\..\..\xplatform\webrtc\sdk\windows\wrapper\generated\org_webRtc_RTCCodecStats.h">
      <Filter>wrapper\generated</Filter>
    </ClInclude>
    <ClInclude Include="..\..\..\..\xplatform\webrtc\sdk\windows\wrapper\generated\org_webRtc_RTCConfiguration.h">
      <Filter>wrapper\generated</Filter>
    </ClInclude>
    <ClInclude Include="..\..\..\..\xplatform\webrtc\sdk\windows\wrapper\generated\org_webRtc_RTCDataChannel.h">
      <Filter>wrapper\generated</Filter>
    </ClInclude>
    <ClInclude Include="..\..\..\..\xplatform\webrtc\sdk\windows\wrapper\generated\org_webRtc_RTCDataChannelEvent.h">
      <Filter>wrapper\generated</Filter>
    </ClInclude>
    <ClInclude Include="..\..\..\..\xplatform\webrtc\sdk\windows\wrapper\generated\org_webRtc_RTCDataChannelInit.h">
      <Filter>wrapper\generated</Filter>
    </ClInclude>
    <ClInclude Include="..\..\..\..\xplatform\webrtc\sdk\windows\wrapper\generated\org_webRtc_RTCDataChannelStats.h">
      <Filter>wrapper\generated</Filter>
    </ClInclude>
    <ClInclude Include="..\..\..\..\xplatform\webrtc\sdk\windows\wrapper\generated\org_webRtc_RTCDtlsFingerprint.h">
      <Filter>wrapper\generated</Filter>
    </ClInclude>
    <ClInclude Include="..\..\..\..\xplatform\webrtc\sdk\windows\wrapper\generated\org_webRtc_RTCDtmfSender.h">
      <Filter>wrapper\generated</Filter>
    </ClInclude>
    <ClInclude Include="..\..\..\..\xplatform\webrtc\sdk\windows\wrapper\generated\org_webRtc_RTCDtmfToneChangeEvent.h">
      <Filter>wrapper\generated</Filter>
    </ClInclude>
    <ClInclude Include="..\..\..\..\xplatform\webrtc\sdk\windows\wrapper\generated\org_webRtc_RTCError.h">
      <Filter>wrapper\generated</Filter>
    </ClInclude>
    <ClInclude Include="..\..\..\..\xplatform\webrtc\sdk\windows\wrapper\generated\org_webRtc_RTCIceCandidate.h">
      <Filter>wrapper\generated</Filter>
    </ClInclude>
    <ClInclude Include="..\..\..\..\xplatform\webrtc\sdk\windows\wrapper\generated\org_webRtc_RTCIceCandidateInit.h">
      <Filter>wrapper\generated</Filter>
    </ClInclude>
    <ClInclude Include="..\..\..\..\xplatform\webrtc\sdk\windows\wrapper\generated\org_webRtc_RTCIceCandidatePairStats.h">
      <Filter>wrapper\generated</Filter>
    </ClInclude>
    <ClInclude Include="..\..\..\..\xplatform\webrtc\sdk\windows\wrapper\generated\org_webRtc_RTCIceCandidateStats.h">
      <Filter>wrapper\generated</Filter>
    </ClInclude>
    <ClInclude Include="..\..\..\..\xplatform\webrtc\sdk\windows\wrapper\generated\org_webRtc_RTCIceServer.h">
      <Filter>wrapper\generated</Filter>
    </ClInclude>
    <ClInclude Include="..\..\..\..\xplatform\webrtc\sdk\windows\wrapper\generated\org_webRtc_RTCInboundRtpStreamStats.h">
      <Filter>wrapper\generated</Filter>
    </ClInclude>
    <ClInclude Include="..\..\..\..\xplatform\webrtc\sdk\windows\wrapper\generated\org_webRtc_RTCKeyParams.h">
      <Filter>wrapper\generated</Filter>
    </ClInclude>
    <ClInclude Include="..\..\..\..\xplatform\webrtc\sdk\windows\wrapper\generated\org_webRtc_RTCMediaHandlerStats.h">
      <Filter>wrapper\generated</Filter>
    </ClInclude>
    <ClInclude Include="..\..\..\..\xplatform\webrtc\sdk\windows\wrapper\generated\org_webRtc_RTCMediaStreamStats.h">
      <Filter>wrapper\generated</Filter>
    </ClInclude>
    <ClInclude Include="..\..\..\..\xplatform\webrtc\sdk\windows\wrapper\generated\org_webRtc_RTCOAuthCredential.h">
      <Filter>wrapper\generated</Filter>
    </ClInclude>
    <ClInclude Include="..\..\..\..\xplatform\webrtc\sdk\windows\wrapper\generated\org_webRtc_RTCOfferAnswerOptions.h">
      <Filter>wrapper\generated</Filter>
    </ClInclude>
    <ClInclude Include="..\..\..\..\xplatform\webrtc\sdk\windows\wrapper\generated\org_webRtc_RTCOfferOptions.h">
      <Filter>wrapper\generated</Filter>
    </ClInclude>
    <ClInclude Include="..\..\..\..\xplatform\webrtc\sdk\windows\wrapper\generated\org_webRtc_RTCOutboundRtpStreamStats.h">
      <Filter>wrapper\generated</Filter>
    </ClInclude>
    <ClInclude Include="..\..\..\..\xplatform\webrtc\sdk\windows\wrapper\generated\org_webRtc_RTCPeerConnection.h">
      <Filter>wrapper\generated</Filter>
    </ClInclude>
    <ClInclude Include="..\..\..\..\xplatform\webrtc\sdk\windows\wrapper\generated\org_webRtc_RTCPeerConnectionIceErrorEvent.h">
      <Filter>wrapper\generated</Filter>
    </ClInclude>
    <ClInclude Include="..\..\..\..\xplatform\webrtc\sdk\windows\wrapper\generated\org_webRtc_RTCPeerConnectionIceEvent.h">
      <Filter>wrapper\generated</Filter>
    </ClInclude>
    <ClInclude Include="..\..\..\..\xplatform\webrtc\sdk\windows\wrapper\generated\org_webRtc_RTCPeerConnectionStats.h">
      <Filter>wrapper\generated</Filter>
    </ClInclude>
    <ClInclude Include="..\..\..\..\xplatform\webrtc\sdk\windows\wrapper\generated\org_webRtc_RTCReceivedRtpStreamStats.h">
      <Filter>wrapper\generated</Filter>
    </ClInclude>
    <ClInclude Include="..\..\..\..\xplatform\webrtc\sdk\windows\wrapper\generated\org_webRtc_RTCRemoteInboundRtpStreamStats.h">
      <Filter>wrapper\generated</Filter>
    </ClInclude>
    <ClInclude Include="..\..\..\..\xplatform\webrtc\sdk\windows\wrapper\generated\org_webRtc_RTCRemoteOutboundRtpStreamStats.h">
      <Filter>wrapper\generated</Filter>
    </ClInclude>
    <ClInclude Include="..\..\..\..\xplatform\webrtc\sdk\windows\wrapper\generated\org_webRtc_RTCRSAParams.h">
      <Filter>wrapper\generated</Filter>
    </ClInclude>
    <ClInclude Include="..\..\..\..\xplatform\webrtc\sdk\windows\wrapper\generated\org_webRtc_RTCRtcpFeedback.h">
      <Filter>wrapper\generated</Filter>
    </ClInclude>
    <ClInclude Include="..\..\..\..\xplatform\webrtc\sdk\windows\wrapper\generated\org_webRtc_RTCRtcpParameters.h">
      <Filter>wrapper\generated</Filter>
    </ClInclude>
    <ClInclude Include="..\..\..\..\xplatform\webrtc\sdk\windows\wrapper\generated\org_webRtc_RTCRtpCapabilities.h">
      <Filter>wrapper\generated</Filter>
    </ClInclude>
    <ClInclude Include="..\..\..\..\xplatform\webrtc\sdk\windows\wrapper\generated\org_webRtc_RTCRtpCodecCapability.h">
      <Filter>wrapper\generated</Filter>
    </ClInclude>
    <ClInclude Include="..\..\..\..\xplatform\webrtc\sdk\windows\wrapper\generated\org_webRtc_RTCRtpCodecParameters.h">
      <Filter>wrapper\generated</Filter>
    </ClInclude>
    <ClInclude Include="..\..\..\..\xplatform\webrtc\sdk\windows\wrapper\generated\org_webRtc_RTCRtpCodingParameters.h">
      <Filter>wrapper\generated</Filter>
    </ClInclude>
    <ClInclude Include="..\..\..\..\xplatform\webrtc\sdk\windows\wrapper\generated\org_webRtc_RTCRtpContributingSource.h">
      <Filter>wrapper\generated</Filter>
    </ClInclude>
    <ClInclude Include="..\..\..\..\xplatform\webrtc\sdk\windows\wrapper\generated\org_webRtc_RTCRtpContributingSourceStats.h">
      <Filter>wrapper\generated</Filter>
    </ClInclude>
    <ClInclude Include="..\..\..\..\xplatform\webrtc\sdk\windows\wrapper\generated\org_webRtc_RTCRtpDecodingParameters.h">
      <Filter>wrapper\generated</Filter>
    </ClInclude>
    <ClInclude Include="..\..\..\..\xplatform\webrtc\sdk\windows\wrapper\generated\org_webRtc_RTCRtpEncodingParameters.h">
      <Filter>wrapper\generated</Filter>
    </ClInclude>
    <ClInclude Include="..\..\..\..\xplatform\webrtc\sdk\windows\wrapper\generated\org_webRtc_RTCRtpFecParameters.h">
      <Filter>wrapper\generated</Filter>
    </ClInclude>
    <ClInclude Include="..\..\..\..\xplatform\webrtc\sdk\windows\wrapper\generated\org_webRtc_RTCRtpHeaderExtensionCapability.h">
      <Filter>wrapper\generated</Filter>
    </ClInclude>
    <ClInclude Include="..\..\..\..\xplatform\webrtc\sdk\windows\wrapper\generated\org_webRtc_RTCRtpHeaderExtensionParameters.h">
      <Filter>wrapper\generated</Filter>
    </ClInclude>
    <ClInclude Include="..\..\..\..\xplatform\webrtc\sdk\windows\wrapper\generated\org_webRtc_RTCRtpParameters.h">
      <Filter>wrapper\generated</Filter>
    </ClInclude>
    <ClInclude Include="..\..\..\..\xplatform\webrtc\sdk\windows\wrapper\generated\org_webRtc_RTCRtpReceiveParameters.h">
      <Filter>wrapper\generated</Filter>
    </ClInclude>
    <ClInclude Include="..\..\..\..\xplatform\webrtc\sdk\windows\wrapper\generated\org_webRtc_RTCRtpReceiver.h">
      <Filter>wrapper\generated</Filter>
    </ClInclude>
    <ClInclude Include="..\..\..\..\xplatform\webrtc\sdk\windows\wrapper\generated\org_webRtc_RTCRtpRtxParameters.h">
      <Filter>wrapper\generated</Filter>
    </ClInclude>
    <ClInclude Include="..\..\..\..\xplatform\webrtc\sdk\windows\wrapper\generated\org_webRtc_RTCRtpSender.h">
      <Filter>wrapper\generated</Filter>
    </ClInclude>
    <ClInclude Include="..\..\..\..\xplatform\webrtc\sdk\windows\wrapper\generated\org_webRtc_RTCRtpSendParameters.h">
      <Filter>wrapper\generated</Filter>
    </ClInclude>
    <ClInclude Include="..\..\..\..\xplatform\webrtc\sdk\windows\wrapper\generated\org_webRtc_RTCRtpStreamStats.h">
      <Filter>wrapper\generated</Filter>
    </ClInclude>
    <ClInclude Include="..\..\..\..\xplatform\webrtc\sdk\windows\wrapper\generated\org_webRtc_RTCRtpSynchronizationSource.h">
      <Filter>wrapper\generated</Filter>
    </ClInclude>
    <ClInclude Include="..\..\..\..\xplatform\webrtc\sdk\windows\wrapper\generated\org_webRtc_RTCRtpTransceiver.h">
      <Filter>wrapper\generated</Filter>
    </ClInclude>
    <ClInclude Include="..\..\..\..\xplatform\webrtc\sdk\windows\wrapper\generated\org_webRtc_RTCRtpTransceiverInit.h">
      <Filter>wrapper\generated</Filter>
    </ClInclude>
    <ClInclude Include="..\..\..\..\xplatform\webrtc\sdk\windows\wrapper\generated\org_webRtc_RTCSenderAudioTrackAttachmentStats.h">
      <Filter>wrapper\generated</Filter>
    </ClInclude>
    <ClInclude Include="..\..\..\..\xplatform\webrtc\sdk\windows\wrapper\generated\org_webRtc_RTCSenderVideoTrackAttachmentStats.h">
      <Filter>wrapper\generated</Filter>
    </ClInclude>
    <ClInclude Include="..\..\..\..\xplatform\webrtc\sdk\windows\wrapper\generated\org_webRtc_RTCSentRtpStreamStats.h">
      <Filter>wrapper\generated</Filter>
    </ClInclude>
    <ClInclude Include="..\..\..\..\xplatform\webrtc\sdk\windows\wrapper\generated\org_webRtc_RTCSessionDescription.h">
      <Filter>wrapper\generated</Filter>
    </ClInclude>
    <ClInclude Include="..\..\..\..\xplatform\webrtc\sdk\windows\wrapper\generated\org_webRtc_RTCSessionDescriptionInit.h">
      <Filter>wrapper\generated</Filter>
    </ClInclude>
    <ClInclude Include="..\..\..\..\xplatform\webrtc\sdk\windows\wrapper\generated\org_webRtc_RTCStats.h">
      <Filter>wrapper\generated</Filter>
    </ClInclude>
    <ClInclude Include="..\..\..\..\xplatform\webrtc\sdk\windows\wrapper\generated\org_webRtc_RTCStatsProvider.h">
      <Filter>wrapper\generated</Filter>
    </ClInclude>
    <ClInclude Include="..\..\..\..\xplatform\webrtc\sdk\windows\wrapper\generated\org_webRtc_RTCStatsReport.h">
      <Filter>wrapper\generated</Filter>
    </ClInclude>
    <ClInclude Include="..\..\..\..\xplatform\webrtc\sdk\windows\wrapper\generated\org_webRtc_RTCStatsTypeSet.h">
      <Filter>wrapper\generated</Filter>
    </ClInclude>
    <ClInclude Include="..\..\..\..\xplatform\webrtc\sdk\windows\wrapper\generated\org_webRtc_RTCTrackEvent.h">
      <Filter>wrapper\generated</Filter>
    </ClInclude>
    <ClInclude Include="..\..\..\..\xplatform\webrtc\sdk\windows\wrapper\generated\org_webRtc_RTCTransportStats.h">
      <Filter>wrapper\generated</Filter>
    </ClInclude>
    <ClInclude Include="..\..\..\..\xplatform\webrtc\sdk\windows\wrapper\generated\org_webRtc_RTCVideoHandlerStats.h">
      <Filter>wrapper\generated</Filter>
    </ClInclude>
    <ClInclude Include="..\..\..\..\xplatform\webrtc\sdk\windows\wrapper\generated\org_webRtc_RTCVideoReceiverStats.h">
      <Filter>wrapper\generated</Filter>
    </ClInclude>
    <ClInclude Include="..\..\..\..\xplatform\webrtc\sdk\windows\wrapper\generated\org_webRtc_RTCVideoSenderStats.h">
      <Filter>wrapper\generated</Filter>
    </ClInclude>
    <ClInclude Include="..\..\..\..\xplatform\webrtc\sdk\windows\wrapper\generated\org_webRtc_VideoCapturer.h">
      <Filter>wrapper\generated</Filter>
    </ClInclude>
    <ClInclude Include="..\..\..\..\xplatform\webrtc\sdk\windows\wrapper\generated\org_webRtc_VideoCapturerCreationParameters.h">
      <Filter>wrapper\generated</Filter>
    </ClInclude>
    <ClInclude Include="..\..\..\..\xplatform\webrtc\sdk\windows\wrapper\generated\org_webRtc_VideoCapturerInputSize.h">
      <Filter>wrapper\generated</Filter>
    </ClInclude>
    <ClInclude Include="..\..\..\..\xplatform\webrtc\sdk\windows\wrapper\generated\org_webRtc_VideoData.h">
      <Filter>wrapper\generated</Filter>
    </ClInclude>
    <ClInclude Include="..\..\..\..\xplatform\webrtc\sdk\windows\wrapper\generated\org_webRtc_VideoDeviceInfo.h">
      <Filter>wrapper\generated</Filter>
    </ClInclude>
    <ClInclude Include="..\..\..\..\xplatform\webrtc\sdk\windows\wrapper\generated\org_webRtc_VideoFormat.h">
      <Filter>wrapper\generated</Filter>
    </ClInclude>
    <ClInclude Include="..\..\..\..\xplatform\webrtc\sdk\windows\wrapper\generated\org_webRtc_VideoFrameBuffer.h">
      <Filter>wrapper\generated</Filter>
    </ClInclude>
    <ClInclude Include="..\..\..\..\xplatform\webrtc\sdk\windows\wrapper\generated\org_webRtc_VideoFrameBufferEvent.h">
      <Filter>wrapper\generated</Filter>
    </ClInclude>
    <ClInclude Include="..\..\..\..\xplatform\webrtc\sdk\windows\wrapper\generated\org_webRtc_VideoFrameNativeBuffer.h">
      <Filter>wrapper\generated</Filter>
    </ClInclude>
    <ClInclude Include="..\..\..\..\xplatform\webrtc\sdk\windows\wrapper\generated\org_webRtc_VideoFramePlanarYuvaBuffer.h">
      <Filter>wrapper\generated</Filter>
    </ClInclude>
    <ClInclude Include="..\..\..\..\xplatform\webrtc\sdk\windows\wrapper\generated\org_webRtc_VideoFramePlanarYuvBuffer.h">
      <Filter>wrapper\generated</Filter>
    </ClInclude>
    <ClInclude Include="..\..\..\..\xplatform\webrtc\sdk\windows\wrapper\generated\org_webRtc_VideoOptions.h">
      <Filter>wrapper\generated</Filter>
    </ClInclude>
    <ClInclude Include="..\..\..\..\xplatform\webrtc\sdk\windows\wrapper\generated\org_webRtc_VideoTrackSource.h">
      <Filter>wrapper\generated</Filter>
    </ClInclude>
    <ClInclude Include="..\..\..\..\xplatform\webrtc\sdk\windows\wrapper\generated\org_webRtc_VideoTrackSourceStats.h">
      <Filter>wrapper\generated</Filter>
    </ClInclude>
    <ClInclude Include="..\..\..\..\xplatform\webrtc\sdk\windows\wrapper\generated\org_webRtc_WebRtcFactory.h">
      <Filter>wrapper\generated</Filter>
    </ClInclude>
    <ClInclude Include="..\..\..\..\xplatform\webrtc\sdk\windows\wrapper\generated\org_webRtc_WebRtcFactoryConfiguration.h">
      <Filter>wrapper\generated</Filter>
    </ClInclude>
    <ClInclude Include="..\..\..\..\xplatform\webrtc\sdk\windows\wrapper\generated\org_webRtc_WebRtcLib.h">
      <Filter>wrapper\generated</Filter>
    </ClInclude>
    <ClInclude Include="..\..\..\..\xplatform\webrtc\sdk\windows\wrapper\generated\org_webRtc_WebRtcLibConfiguration.h">
      <Filter>wrapper\generated</Filter>
    </ClInclude>
    <ClInclude Include="..\..\..\..\xplatform\webrtc\sdk\windows\wrapper\generated\types.h">
      <Filter>wrapper\generated</Filter>
    </ClInclude>
    <ClInclude Include="..\..\..\..\xplatform\webrtc\sdk\windows\wrapper\override\org_webRtc_AudioData.h">
      <Filter>wrapper\override</Filter>
    </ClInclude>
    <ClInclude Include="..\..\..\..\xplatform\webrtc\sdk\windows\wrapper\override\org_webRtc_EventQueueMaker.h">
      <Filter>wrapper\override</Filter>
    </ClInclude>
    <ClInclude Include="..\..\..\..\xplatform\webrtc\sdk\windows\wrapper\override\org_webRtc_MediaElementMaker.h">
      <Filter>wrapper\override</Filter>
    </ClInclude>
    <ClInclude Include="..\..\..\..\xplatform\webrtc\sdk\windows\wrapper\override\org_webRtc_MediaSample.h">
      <Filter>wrapper\override</Filter>
    </ClInclude>
    <ClInclude Include="..\..\..\..\xplatform\webrtc\sdk\windows\wrapper\override\org_webRtc_MediaSource.h">
      <Filter>wrapper\override</Filter>
    </ClInclude>
    <ClInclude Include="..\..\..\..\xplatform\webrtc\sdk\windows\wrapper\override\org_webRtc_VideoData.h">
      <Filter>wrapper\override</Filter>
    </ClInclude>
    <ClInclude Include="..\..\..\..\xplatform\webrtc\sdk\windows\wrapper\override\org_webRtc_VideoDeviceInfo.h">
      <Filter>wrapper\override</Filter>
    </ClInclude>
    <ClInclude Include="..\..\..\..\xplatform\webrtc\sdk\windows\wrapper\impl_org_webRtc.h">
      <Filter>wrapper</Filter>
    </ClInclude>
    <ClInclude Include="..\..\..\..\xplatform\webrtc\sdk\windows\wrapper\impl_org_webRtc_AudioBuffer.h">
      <Filter>wrapper</Filter>
    </ClInclude>
    <ClInclude Include="..\..\..\..\xplatform\webrtc\sdk\windows\wrapper\impl_org_webRtc_AudioBufferConfiguration.h">
      <Filter>wrapper</Filter>
    </ClInclude>
    <ClInclude Include="..\..\..\..\xplatform\webrtc\sdk\windows\wrapper\impl_org_webRtc_AudioBufferEvent.h">
      <Filter>wrapper</Filter>
    </ClInclude>
    <ClInclude Include="..\..\..\..\xplatform\webrtc\sdk\windows\wrapper\impl_org_webRtc_AudioData.h">
      <Filter>wrapper</Filter>
    </ClInclude>
    <ClInclude Include="..\..\..\..\xplatform\webrtc\sdk\windows\wrapper\impl_org_webRtc_AudioFrame.h">
      <Filter>wrapper</Filter>
    </ClInclude>
    <ClInclude Include="..\..\..\..\xplatform\webrtc\sdk\windows\wrapper\impl_org_webRtc_AudioOptions.h">
      <Filter>wrapper</Filter>
    </ClInclude>
    <ClInclude Include="..\..\..\..\xplatform\webrtc\sdk\windows\wrapper\impl_org_webRtc_AudioProcessingInitializeEvent.h">
      <Filter>wrapper</Filter>
    </ClInclude>
    <ClInclude Include="..\..\..\..\xplatform\webrtc\sdk\windows\wrapper\impl_org_webRtc_AudioProcessingRuntimeSettingEvent.h">
      <Filter>wrapper</Filter>
    </ClInclude>
    <ClInclude Include="..\..\..\..\xplatform\webrtc\sdk\windows\wrapper\impl_org_webRtc_AudioTrackSource.h">
      <Filter>wrapper</Filter>
    </ClInclude>
    <ClInclude Include="..\..\..\..\xplatform\webrtc\sdk\windows\wrapper\impl_org_webRtc_Constraint.h">
      <Filter>wrapper</Filter>
    </ClInclude>
    <ClInclude Include="..\..\..\..\xplatform\webrtc\sdk\windows\wrapper\impl_org_webRtc_enums.h">
      <Filter>wrapper</Filter>
    </ClInclude>
    <ClInclude Include="..\..\..\..\xplatform\webrtc\sdk\windows\wrapper\impl_org_webRtc_EventQueue.h">
      <Filter>wrapper</Filter>
    </ClInclude>
    <ClInclude Include="..\..\..\..\xplatform\webrtc\sdk\windows\wrapper\impl_org_webRtc_EventQueueMaker.h">
      <Filter>wrapper</Filter>
    </ClInclude>
    <ClInclude Include="..\..\..\..\xplatform\webrtc\sdk\windows\wrapper\impl_org_webRtc_helpers.h">
      <Filter>wrapper</Filter>
    </ClInclude>
    <ClInclude Include="..\..\..\..\xplatform\webrtc\sdk\windows\wrapper\impl_org_webRtc_MediaConstraints.h">
      <Filter>wrapper</Filter>
    </ClInclude>
    <ClInclude Include="..\..\..\..\xplatform\webrtc\sdk\windows\wrapper\impl_org_webRtc_MediaElement.h">
      <Filter>wrapper</Filter>
    </ClInclude>
    <ClInclude Include="..\..\..\..\xplatform\webrtc\sdk\windows\wrapper\impl_org_webRtc_MediaElementMaker.h">
      <Filter>wrapper</Filter>
    </ClInclude>
    <ClInclude Include="..\..\..\..\xplatform\webrtc\sdk\windows\wrapper\impl_org_webRtc_MediaSample.h">
      <Filter>wrapper</Filter>
    </ClInclude>
    <ClInclude Include="..\..\..\..\xplatform\webrtc\sdk\windows\wrapper\impl_org_webRtc_MediaSource.h">
      <Filter>wrapper</Filter>
    </ClInclude>
    <ClInclude Include="..\..\..\..\xplatform\webrtc\sdk\windows\wrapper\impl_org_webRtc_MediaStreamTrack.h">
      <Filter>wrapper</Filter>
    </ClInclude>
    <ClInclude Include="..\..\..\..\xplatform\webrtc\sdk\windows\wrapper\impl_org_webRtc_MediaTrackSource.h">
      <Filter>wrapper</Filter>
    </ClInclude>
    <ClInclude Include="..\..\..\..\xplatform\webrtc\sdk\windows\wrapper\impl_org_webRtc_MessageEvent.h">
      <Filter>wrapper</Filter>
    </ClInclude>
    <ClInclude Include="..\..\..\..\xplatform\webrtc\sdk\windows\wrapper\impl_org_webRtc_MillisecondIntervalRange.h">
      <Filter>wrapper</Filter>
    </ClInclude>
    <ClInclude Include="..\..\..\..\xplatform\webrtc\sdk\windows\wrapper\impl_org_webRtc_post_include.h">
      <Filter>wrapper</Filter>
    </ClInclude>
    <ClInclude Include="..\..\..\..\xplatform\webrtc\sdk\windows\wrapper\impl_org_webRtc_pre_include.h">
      <Filter>wrapper</Filter>
    </ClInclude>
    <ClInclude Include="..\..\..\..\xplatform\webrtc\sdk\windows\wrapper\impl_org_webRtc_RTCAnswerOptions.h">
      <Filter>wrapper</Filter>
    </ClInclude>
    <ClInclude Include="..\..\..\..\xplatform\webrtc\sdk\windows\wrapper\impl_org_webRtc_RTCAudioHandlerStats.h">
      <Filter>wrapper</Filter>
    </ClInclude>
    <ClInclude Include="..\..\..\..\xplatform\webrtc\sdk\windows\wrapper\impl_org_webRtc_RTCAudioReceiverStats.h">
      <Filter>wrapper</Filter>
    </ClInclude>
    <ClInclude Include="..\..\..\..\xplatform\webrtc\sdk\windows\wrapper\impl_org_webRtc_RTCAudioSenderStats.h">
      <Filter>wrapper</Filter>
    </ClInclude>
    <ClInclude Include="..\..\..\..\xplatform\webrtc\sdk\windows\wrapper\impl_org_webRtc_RTCBitrateParameters.h">
      <Filter>wrapper</Filter>
    </ClInclude>
    <ClInclude Include="..\..\..\..\xplatform\webrtc\sdk\windows\wrapper\impl_org_webRtc_RTCCertificate.h">
      <Filter>wrapper</Filter>
    </ClInclude>
    <ClInclude Include="..\..\..\..\xplatform\webrtc\sdk\windows\wrapper\impl_org_webRtc_RTCCertificateStats.h">
      <Filter>wrapper</Filter>
    </ClInclude>
    <ClInclude Include="..\..\..\..\xplatform\webrtc\sdk\windows\wrapper\impl_org_webRtc_RTCCodecStats.h">
      <Filter>wrapper</Filter>
    </ClInclude>
    <ClInclude Include="..\..\..\..\xplatform\webrtc\sdk\windows\wrapper\impl_org_webRtc_RTCConfiguration.h">
      <Filter>wrapper</Filter>
    </ClInclude>
    <ClInclude Include="..\..\..\..\xplatform\webrtc\sdk\windows\wrapper\impl_org_webRtc_RTCDataChannel.h">
      <Filter>wrapper</Filter>
    </ClInclude>
    <ClInclude Include="..\..\..\..\xplatform\webrtc\sdk\windows\wrapper\impl_org_webRtc_RTCDataChannelEvent.h">
      <Filter>wrapper</Filter>
    </ClInclude>
    <ClInclude Include="..\..\..\..\xplatform\webrtc\sdk\windows\wrapper\impl_org_webRtc_RTCDataChannelInit.h">
      <Filter>wrapper</Filter>
    </ClInclude>
    <ClInclude Include="..\..\..\..\xplatform\webrtc\sdk\windows\wrapper\impl_org_webRtc_RTCDataChannelStats.h">
      <Filter>wrapper</Filter>
    </ClInclude>
    <ClInclude Include="..\..\..\..\xplatform\webrtc\sdk\windows\wrapper\impl_org_webRtc_RTCDtlsFingerprint.h">
      <Filter>wrapper</Filter>
    </ClInclude>
    <ClInclude Include="..\..\..\..\xplatform\webrtc\sdk\windows\wrapper\impl_org_webRtc_RTCDtmfSender.h">
      <Filter>wrapper</Filter>
    </ClInclude>
    <ClInclude Include="..\..\..\..\xplatform\webrtc\sdk\windows\wrapper\impl_org_webRtc_RTCDtmfToneChangeEvent.h">
      <Filter>wrapper</Filter>
    </ClInclude>
    <ClInclude Include="..\..\..\..\xplatform\webrtc\sdk\windows\wrapper\impl_org_webRtc_RTCError.h">
      <Filter>wrapper</Filter>
    </ClInclude>
    <ClInclude Include="..\..\..\..\xplatform\webrtc\sdk\windows\wrapper\impl_org_webRtc_RTCIceCandidate.h">
      <Filter>wrapper</Filter>
    </ClInclude>
    <ClInclude Include="..\..\..\..\xplatform\webrtc\sdk\windows\wrapper\impl_org_webRtc_RTCIceCandidateInit.h">
      <Filter>wrapper</Filter>
    </ClInclude>
    <ClInclude Include="..\..\..\..\xplatform\webrtc\sdk\windows\wrapper\impl_org_webRtc_RTCIceCandidatePairStats.h">
      <Filter>wrapper</Filter>
    </ClInclude>
    <ClInclude Include="..\..\..\..\xplatform\webrtc\sdk\windows\wrapper\impl_org_webRtc_RTCIceCandidateStats.h">
      <Filter>wrapper</Filter>
    </ClInclude>
    <ClInclude Include="..\..\..\..\xplatform\webrtc\sdk\windows\wrapper\impl_org_webRtc_RTCIceServer.h">
      <Filter>wrapper</Filter>
    </ClInclude>
    <ClInclude Include="..\..\..\..\xplatform\webrtc\sdk\windows\wrapper\impl_org_webRtc_RTCInboundRtpStreamStats.h">
      <Filter>wrapper</Filter>
    </ClInclude>
    <ClInclude Include="..\..\..\..\xplatform\webrtc\sdk\windows\wrapper\impl_org_webRtc_RTCKeyParams.h">
      <Filter>wrapper</Filter>
    </ClInclude>
    <ClInclude Include="..\..\..\..\xplatform\webrtc\sdk\windows\wrapper\impl_org_webRtc_RTCMediaHandlerStats.h">
      <Filter>wrapper</Filter>
    </ClInclude>
    <ClInclude Include="..\..\..\..\xplatform\webrtc\sdk\windows\wrapper\impl_org_webRtc_RTCMediaStreamStats.h">
      <Filter>wrapper</Filter>
    </ClInclude>
    <ClInclude Include="..\..\..\..\xplatform\webrtc\sdk\windows\wrapper\impl_org_webRtc_RTCOAuthCredential.h">
      <Filter>wrapper</Filter>
    </ClInclude>
    <ClInclude Include="..\..\..\..\xplatform\webrtc\sdk\windows\wrapper\impl_org_webRtc_RTCOfferAnswerOptions.h">
      <Filter>wrapper</Filter>
    </ClInclude>
    <ClInclude Include="..\..\..\..\xplatform\webrtc\sdk\windows\wrapper\impl_org_webRtc_RTCOfferOptions.h">
      <Filter>wrapper</Filter>
    </ClInclude>
    <ClInclude Include="..\..\..\..\xplatform\webrtc\sdk\windows\wrapper\impl_org_webRtc_RTCOutboundRtpStreamStats.h">
      <Filter>wrapper</Filter>
    </ClInclude>
    <ClInclude Include="..\..\..\..\xplatform\webrtc\sdk\windows\wrapper\impl_org_webRtc_RTCPeerConnection.h">
      <Filter>wrapper</Filter>
    </ClInclude>
    <ClInclude Include="..\..\..\..\xplatform\webrtc\sdk\windows\wrapper\impl_org_webRtc_RTCPeerConnectionIceErrorEvent.h">
      <Filter>wrapper</Filter>
    </ClInclude>
    <ClInclude Include="..\..\..\..\xplatform\webrtc\sdk\windows\wrapper\impl_org_webRtc_RTCPeerConnectionIceEvent.h">
      <Filter>wrapper</Filter>
    </ClInclude>
    <ClInclude Include="..\..\..\..\xplatform\webrtc\sdk\windows\wrapper\impl_org_webRtc_RTCPeerConnectionStats.h">
      <Filter>wrapper</Filter>
    </ClInclude>
    <ClInclude Include="..\..\..\..\xplatform\webrtc\sdk\windows\wrapper\impl_org_webRtc_RTCReceivedRtpStreamStats.h">
      <Filter>wrapper</Filter>
    </ClInclude>
    <ClInclude Include="..\..\..\..\xplatform\webrtc\sdk\windows\wrapper\impl_org_webRtc_RTCRemoteInboundRtpStreamStats.h">
      <Filter>wrapper</Filter>
    </ClInclude>
    <ClInclude Include="..\..\..\..\xplatform\webrtc\sdk\windows\wrapper\impl_org_webRtc_RTCRemoteOutboundRtpStreamStats.h">
      <Filter>wrapper</Filter>
    </ClInclude>
    <ClInclude Include="..\..\..\..\xplatform\webrtc\sdk\windows\wrapper\impl_org_webRtc_RTCRSAParams.h">
      <Filter>wrapper</Filter>
    </ClInclude>
    <ClInclude Include="..\..\..\..\xplatform\webrtc\sdk\windows\wrapper\impl_org_webRtc_RTCRtcpFeedback.h">
      <Filter>wrapper</Filter>
    </ClInclude>
    <ClInclude Include="..\..\..\..\xplatform\webrtc\sdk\windows\wrapper\impl_org_webRtc_RTCRtcpParameters.h">
      <Filter>wrapper</Filter>
    </ClInclude>
    <ClInclude Include="..\..\..\..\xplatform\webrtc\sdk\windows\wrapper\impl_org_webRtc_RTCRtpCapabilities.h">
      <Filter>wrapper</Filter>
    </ClInclude>
    <ClInclude Include="..\..\..\..\xplatform\webrtc\sdk\windows\wrapper\impl_org_webRtc_RTCRtpCodecCapability.h">
      <Filter>wrapper</Filter>
    </ClInclude>
    <ClInclude Include="..\..\..\..\xplatform\webrtc\sdk\windows\wrapper\impl_org_webRtc_RTCRtpCodecParameters.h">
      <Filter>wrapper</Filter>
    </ClInclude>
    <ClInclude Include="..\..\..\..\xplatform\webrtc\sdk\windows\wrapper\impl_org_webRtc_RTCRtpCodingParameters.h">
      <Filter>wrapper</Filter>
    </ClInclude>
    <ClInclude Include="..\..\..\..\xplatform\webrtc\sdk\windows\wrapper\impl_org_webRtc_RTCRtpContributingSource.h">
      <Filter>wrapper</Filter>
    </ClInclude>
    <ClInclude Include="..\..\..\..\xplatform\webrtc\sdk\windows\wrapper\impl_org_webRtc_RTCRtpContributingSourceStats.h">
      <Filter>wrapper</Filter>
    </ClInclude>
    <ClInclude Include="..\..\..\..\xplatform\webrtc\sdk\windows\wrapper\impl_org_webRtc_RTCRtpDecodingParameters.h">
      <Filter>wrapper</Filter>
    </ClInclude>
    <ClInclude Include="..\..\..\..\xplatform\webrtc\sdk\windows\wrapper\impl_org_webRtc_RTCRtpEncodingParameters.h">
      <Filter>wrapper</Filter>
    </ClInclude>
    <ClInclude Include="..\..\..\..\xplatform\webrtc\sdk\windows\wrapper\impl_org_webRtc_RTCRtpFecParameters.h">
      <Filter>wrapper</Filter>
    </ClInclude>
    <ClInclude Include="..\..\..\..\xplatform\webrtc\sdk\windows\wrapper\impl_org_webRtc_RTCRtpHeaderExtensionCapability.h">
      <Filter>wrapper</Filter>
    </ClInclude>
    <ClInclude Include="..\..\..\..\xplatform\webrtc\sdk\windows\wrapper\impl_org_webRtc_RTCRtpHeaderExtensionParameters.h">
      <Filter>wrapper</Filter>
    </ClInclude>
    <ClInclude Include="..\..\..\..\xplatform\webrtc\sdk\windows\wrapper\impl_org_webRtc_RTCRtpParameters.h">
      <Filter>wrapper</Filter>
    </ClInclude>
    <ClInclude Include="..\..\..\..\xplatform\webrtc\sdk\windows\wrapper\impl_org_webRtc_RTCRtpReceiveParameters.h">
      <Filter>wrapper</Filter>
    </ClInclude>
    <ClInclude Include="..\..\..\..\xplatform\webrtc\sdk\windows\wrapper\impl_org_webRtc_RTCRtpReceiver.h">
      <Filter>wrapper</Filter>
    </ClInclude>
    <ClInclude Include="..\..\..\..\xplatform\webrtc\sdk\windows\wrapper\impl_org_webRtc_RTCRtpRtxParameters.h">
      <Filter>wrapper</Filter>
    </ClInclude>
    <ClInclude Include="..\..\..\..\xplatform\webrtc\sdk\windows\wrapper\impl_org_webRtc_RTCRtpSender.h">
      <Filter>wrapper</Filter>
    </ClInclude>
    <ClInclude Include="..\..\..\..\xplatform\webrtc\sdk\windows\wrapper\impl_org_webRtc_RTCRtpSendParameters.h">
      <Filter>wrapper</Filter>
    </ClInclude>
    <ClInclude Include="..\..\..\..\xplatform\webrtc\sdk\windows\wrapper\impl_org_webRtc_RTCRtpStreamStats.h">
      <Filter>wrapper</Filter>
    </ClInclude>
    <ClInclude Include="..\..\..\..\xplatform\webrtc\sdk\windows\wrapper\impl_org_webRtc_RTCRtpSynchronizationSource.h">
      <Filter>wrapper</Filter>
    </ClInclude>
    <ClInclude Include="..\..\..\..\xplatform\webrtc\sdk\windows\wrapper\impl_org_webRtc_RTCRtpTransceiver.h">
      <Filter>wrapper</Filter>
    </ClInclude>
    <ClInclude Include="..\..\..\..\xplatform\webrtc\sdk\windows\wrapper\impl_org_webRtc_RTCRtpTransceiverInit.h">
      <Filter>wrapper</Filter>
    </ClInclude>
    <ClInclude Include="..\..\..\..\xplatform\webrtc\sdk\windows\wrapper\impl_org_webRtc_RTCSenderAudioTrackAttachmentStats.h">
      <Filter>wrapper</Filter>
    </ClInclude>
    <ClInclude Include="..\..\..\..\xplatform\webrtc\sdk\windows\wrapper\impl_org_webRtc_RTCSenderVideoTrackAttachmentStats.h">
      <Filter>wrapper</Filter>
    </ClInclude>
    <ClInclude Include="..\..\..\..\xplatform\webrtc\sdk\windows\wrapper\impl_org_webRtc_RTCSentRtpStreamStats.h">
      <Filter>wrapper</Filter>
    </ClInclude>
    <ClInclude Include="..\..\..\..\xplatform\webrtc\sdk\windows\wrapper\impl_org_webRtc_RTCSessionDescription.h">
      <Filter>wrapper</Filter>
    </ClInclude>
    <ClInclude Include="..\..\..\..\xplatform\webrtc\sdk\windows\wrapper\impl_org_webRtc_RTCSessionDescriptionInit.h">
      <Filter>wrapper</Filter>
    </ClInclude>
    <ClInclude Include="..\..\..\..\xplatform\webrtc\sdk\windows\wrapper\impl_org_webRtc_RTCStats.h">
      <Filter>wrapper</Filter>
    </ClInclude>
    <ClInclude Include="..\..\..\..\xplatform\webrtc\sdk\windows\wrapper\impl_org_webRtc_RTCStatsProvider.h">
      <Filter>wrapper</Filter>
    </ClInclude>
    <ClInclude Include="..\..\..\..\xplatform\webrtc\sdk\windows\wrapper\impl_org_webRtc_RTCStatsReport.h">
      <Filter>wrapper</Filter>
    </ClInclude>
    <ClInclude Include="..\..\..\..\xplatform\webrtc\sdk\windows\wrapper\impl_org_webRtc_RTCStatsTypeSet.h">
      <Filter>wrapper</Filter>
    </ClInclude>
    <ClInclude Include="..\..\..\..\xplatform\webrtc\sdk\windows\wrapper\impl_org_webRtc_RTCTrackEvent.h">
      <Filter>wrapper</Filter>
    </ClInclude>
    <ClInclude Include="..\..\..\..\xplatform\webrtc\sdk\windows\wrapper\impl_org_webRtc_RTCTransportStats.h">
      <Filter>wrapper</Filter>
    </ClInclude>
    <ClInclude Include="..\..\..\..\xplatform\webrtc\sdk\windows\wrapper\impl_org_webRtc_RTCVideoHandlerStats.h">
      <Filter>wrapper</Filter>
    </ClInclude>
    <ClInclude Include="..\..\..\..\xplatform\webrtc\sdk\windows\wrapper\impl_org_webRtc_RTCVideoReceiverStats.h">
      <Filter>wrapper</Filter>
    </ClInclude>
    <ClInclude Include="..\..\..\..\xplatform\webrtc\sdk\windows\wrapper\impl_org_webRtc_RTCVideoSenderStats.h">
      <Filter>wrapper</Filter>
    </ClInclude>
    <ClInclude Include="..\..\..\..\xplatform\webrtc\sdk\windows\wrapper\impl_org_webRtc_VideoCapturer.h">
      <Filter>wrapper</Filter>
    </ClInclude>
    <ClInclude Include="..\..\..\..\xplatform\webrtc\sdk\windows\wrapper\impl_org_webRtc_VideoCapturerCreationParameters.h">
      <Filter>wrapper</Filter>
    </ClInclude>
    <ClInclude Include="..\..\..\..\xplatform\webrtc\sdk\windows\wrapper\impl_org_webRtc_VideoCapturerInputSize.h">
      <Filter>wrapper</Filter>
    </ClInclude>
    <ClInclude Include="..\..\..\..\xplatform\webrtc\sdk\windows\wrapper\impl_org_webRtc_VideoData.h">
      <Filter>wrapper</Filter>
    </ClInclude>
    <ClInclude Include="..\..\..\..\xplatform\webrtc\sdk\windows\wrapper\impl_org_webRtc_VideoDeviceInfo.h">
      <Filter>wrapper</Filter>
    </ClInclude>
    <ClInclude Include="..\..\..\..\xplatform\webrtc\sdk\windows\wrapper\impl_org_webRtc_VideoFormat.h">
      <Filter>wrapper</Filter>
    </ClInclude>
    <ClInclude Include="..\..\..\..\xplatform\webrtc\sdk\windows\wrapper\impl_org_webRtc_VideoFrameBuffer.h">
      <Filter>wrapper</Filter>
    </ClInclude>
    <ClInclude Include="..\..\..\..\xplatform\webrtc\sdk\windows\wrapper\impl_org_webRtc_VideoFrameBufferEvent.h">
      <Filter>wrapper</Filter>
    </ClInclude>
    <ClInclude Include="..\..\..\..\xplatform\webrtc\sdk\windows\wrapper\impl_org_webRtc_VideoFrameNativeBuffer.h">
      <Filter>wrapper</Filter>
    </ClInclude>
    <ClInclude Include="..\..\..\..\xplatform\webrtc\sdk\windows\wrapper\impl_org_webRtc_VideoFramePlanarYuvaBuffer.h">
      <Filter>wrapper</Filter>
    </ClInclude>
    <ClInclude Include="..\..\..\..\xplatform\webrtc\sdk\windows\wrapper\impl_org_webRtc_VideoFramePlanarYuvBuffer.h">
      <Filter>wrapper</Filter>
    </ClInclude>
    <ClInclude Include="..\..\..\..\xplatform\webrtc\sdk\windows\wrapper\impl_org_webRtc_VideoOptions.h">
      <Filter>wrapper</Filter>
    </ClInclude>
    <ClInclude Include="..\..\..\..\xplatform\webrtc\sdk\windows\wrapper\impl_org_webRtc_VideoTrackSource.h">
      <Filter>wrapper</Filter>
    </ClInclude>
    <ClInclude Include="..\..\..\..\xplatform\webrtc\sdk\windows\wrapper\impl_org_webRtc_VideoTrackSourceStats.h">
      <Filter>wrapper</Filter>
    </ClInclude>
    <ClInclude Include="..\..\..\..\xplatform\webrtc\sdk\windows\wrapper\impl_org_webRtc_WebRtcFactory.h">
      <Filter>wrapper</Filter>
    </ClInclude>
    <ClInclude Include="..\..\..\..\xplatform\webrtc\sdk\windows\wrapper\impl_org_webRtc_WebRtcFactoryConfiguration.h">
      <Filter>wrapper</Filter>
    </ClInclude>
    <ClInclude Include="..\..\..\..\xplatform\webrtc\sdk\windows\wrapper\impl_org_webRtc_WebRtcLib.h">
      <Filter>wrapper</Filter>
    </ClInclude>
    <ClInclude Include="..\..\..\..\xplatform\webrtc\sdk\windows\wrapper\impl_org_webRtc_WebRtcLibConfiguration.h">
      <Filter>wrapper</Filter>
    </ClInclude>
    <ClInclude Include="..\..\..\..\xplatform\webrtc\sdk\windows\wrapper\impl_webrtc_AudioDeviceWasapi.h">
      <Filter>wrapper</Filter>
    </ClInclude>
    <ClInclude Include="..\..\..\..\xplatform\webrtc\sdk\windows\wrapper\impl_webrtc_IAudioDeviceWasapi.h">
      <Filter>wrapper</Filter>
    </ClInclude>
    <ClInclude Include="..\..\..\..\xplatform\webrtc\sdk\windows\wrapper\impl_webrtc_IMediaStreamSource.h">
      <Filter>wrapper</Filter>
    </ClInclude>
    <ClInclude Include="..\..\..\..\xplatform\webrtc\sdk\windows\wrapper\impl_webrtc_IVideoCaptureMediaSink.h">
      <Filter>wrapper</Filter>
    </ClInclude>
    <ClInclude Include="..\..\..\..\xplatform\webrtc\sdk\windows\wrapper\impl_webrtc_IVideoCapturer.h">
      <Filter>wrapper</Filter>
    </ClInclude>
    <ClInclude Include="..\..\..\..\xplatform\webrtc\sdk\windows\wrapper\impl_webrtc_MediaStreamSource.h">
      <Filter>wrapper</Filter>
    </ClInclude>
    <ClInclude Include="..\..\..\..\xplatform\webrtc\sdk\windows\wrapper\impl_webrtc_MRCAudioEffectDefinition.h">
      <Filter>wrapper</Filter>
    </ClInclude>
    <ClInclude Include="..\..\..\..\xplatform\webrtc\sdk\windows\wrapper\impl_webrtc_MRCEffectTemplate.h">
      <Filter>wrapper</Filter>
    </ClInclude>
    <ClInclude Include="..\..\..\..\xplatform\webrtc\sdk\windows\wrapper\impl_webrtc_MRCVideoEffectDefinition.h">
      <Filter>wrapper</Filter>
    </ClInclude>
    <ClInclude Include="..\..\..\..\xplatform\webrtc\sdk\windows\wrapper\impl_webrtc_VideoCaptureMediaSink.h">
      <Filter>wrapper</Filter>
    </ClInclude>
    <ClInclude Include="..\..\..\..\xplatform\webrtc\sdk\windows\wrapper\impl_webrtc_VideoCapturer.h">
      <Filter>wrapper</Filter>
    </ClInclude>
    <ClInclude Include="..\..\..\..\xplatform\webrtc\sdk\windows\wrapper\Org.WebRtc.Glue.events.h">
      <Filter>wrapper</Filter>
    </ClInclude>
    <ClInclude Include="..\..\..\..\xplatform\webrtc\sdk\windows\wrapper\Org.WebRtc.Glue.events.jman.h">
      <Filter>wrapper</Filter>
    </ClInclude>
    <ClInclude Include="..\..\..\..\xplatform\webrtc\sdk\windows\wrapper\Org.WebRtc.Glue.events_win.h">
      <Filter>wrapper</Filter>
    </ClInclude>
    <ClInclude Include="..\..\..\..\xplatform\webrtc\sdk\windows\wrapper\types.h">
      <Filter>wrapper</Filter>
    </ClInclude>
    <ClInclude Include="..\..\..\..\xplatform\webrtc\sdk\windows\wrapper\impl_org_webRtc_CustomAudioDeviceRequestStateEvent.h">
      <Filter>wrapper</Filter>
    </ClInclude>
    <ClInclude Include="..\..\..\..\xplatform\webrtc\sdk\windows\wrapper\impl_org_webRtc_CustomAudioDeviceRequestStereoEvent.h">
      <Filter>wrapper</Filter>
    </ClInclude>
    <ClInclude Include="..\..\..\..\xplatform\webrtc\sdk\windows\wrapper\impl_org_webRtc_CustomAudioDeviceSelectEvent.h">
      <Filter>wrapper</Filter>
    </ClInclude>
    <ClInclude Include="..\..\..\..\xplatform\webrtc\sdk\windows\wrapper\impl_org_webRtc_CustomAudioMixerRequestMuteEvent.h">
      <Filter>wrapper</Filter>
    </ClInclude>
    <ClInclude Include="..\..\..\..\xplatform\webrtc\sdk\windows\wrapper\impl_org_webRtc_CustomAudioMixerRequestSettingsEvent.h">
      <Filter>wrapper</Filter>
    </ClInclude>
    <ClInclude Include="..\..\..\..\xplatform\webrtc\sdk\windows\wrapper\impl_org_webRtc_CustomAudioMixerRequestStateEvent.h">
      <Filter>wrapper</Filter>
    </ClInclude>
    <ClInclude Include="..\..\..\..\xplatform\webrtc\sdk\windows\wrapper\impl_org_webRtc_CustomAudioMixerRequestVolumeEvent.h">
      <Filter>wrapper</Filter>
    </ClInclude>
    <ClInclude Include="..\..\..\..\xplatform\webrtc\sdk\windows\wrapper\impl_org_webRtc_CustomAudioPlayoutDeviceInfo.h">
      <Filter>wrapper</Filter>
    </ClInclude>
    <ClInclude Include="..\..\..\..\xplatform\webrtc\sdk\windows\wrapper\impl_org_webRtc_CustomAudioRecordingDeviceInfo.h">
      <Filter>wrapper</Filter>
    </ClInclude>
    <ClInclude Include="..\..\..\..\xplatform\webrtc\sdk\windows\wrapper\impl_org_webRtc_CustomVideoCapturer.h">
      <Filter>wrapper</Filter>
    </ClInclude>
    <ClInclude Include="..\..\..\..\xplatform\webrtc\sdk\windows\wrapper\impl_org_webRtc_CustomVideoCapturerCreateEvent.h">
      <Filter>wrapper</Filter>
    </ClInclude>
    <ClInclude Include="..\..\..\..\xplatform\webrtc\sdk\windows\wrapper\impl_org_webRtc_CustomVideoCapturerFactory.h">
      <Filter>wrapper</Filter>
    </ClInclude>
    <ClInclude Include="..\..\..\..\xplatform\webrtc\sdk\windows\wrapper\impl_org_webRtc_CustomVideoCapturerParameters.h">
      <Filter>wrapper</Filter>
    </ClInclude>
    <ClInclude Include="..\..\..\..\xplatform\webrtc\sdk\windows\wrapper\impl_org_webRtc_CustomVideoCapturerStartEvent.h">
      <Filter>wrapper</Filter>
    </ClInclude>
    <ClInclude Include="..\..\..\..\xplatform\webrtc\sdk\windows\wrapper\impl_org_webRtc_CustomAudioDevice.h">
      <Filter>wrapper</Filter>
    </ClInclude>
    <ClInclude Include="..\..\..\..\xplatform\webrtc\sdk\windows\wrapper\impl_org_webRtc_CustomAudioDeviceParameters.h">
      <Filter>wrapper</Filter>
    </ClInclude>
  </ItemGroup>
  <ItemGroup>
    <None Include="..\..\..\..\xplatform\webrtc\sdk\windows\wrapper\generated\output.json">
      <Filter>wrapper\generated</Filter>
    </None>
    <None Include="..\..\..\..\xplatform\webrtc\sdk\windows\wrapper\Org.WebRtc.Glue.events.jman">
      <Filter>wrapper</Filter>
    </None>
    <None Include="..\..\..\..\xplatform\webrtc\sdk\windows\wrapper\Org.WebRtc.Glue.events.json">
      <Filter>wrapper</Filter>
    </None>
    <None Include="..\..\..\..\xplatform\webrtc\sdk\windows\wrapper\Org.WebRtc.Glue.events_win_etw.man">
      <Filter>wrapper</Filter>
    </None>
    <None Include="..\..\..\..\xplatform\webrtc\sdk\windows\wrapper\Org.WebRtc.Glue.events_win_etw.wprp">
      <Filter>wrapper</Filter>
    </None>
  </ItemGroup>
  <ItemGroup>
    <ClCompile Include="..\..\..\..\xplatform\webrtc\sdk\windows\wrapper\impl_org_webRtc.cpp">
      <Filter>wrapper</Filter>
    </ClCompile>
    <ClCompile Include="..\..\..\..\xplatform\webrtc\sdk\windows\wrapper\impl_org_webRtc_AudioBuffer.cpp">
      <Filter>wrapper</Filter>
    </ClCompile>
    <ClCompile Include="..\..\..\..\xplatform\webrtc\sdk\windows\wrapper\impl_org_webRtc_AudioBufferConfiguration.cpp">
      <Filter>wrapper</Filter>
    </ClCompile>
    <ClCompile Include="..\..\..\..\xplatform\webrtc\sdk\windows\wrapper\impl_org_webRtc_AudioBufferEvent.cpp">
      <Filter>wrapper</Filter>
    </ClCompile>
    <ClCompile Include="..\..\..\..\xplatform\webrtc\sdk\windows\wrapper\impl_org_webRtc_AudioData.cpp">
      <Filter>wrapper</Filter>
    </ClCompile>
    <ClCompile Include="..\..\..\..\xplatform\webrtc\sdk\windows\wrapper\impl_org_webRtc_AudioFrame.cpp">
      <Filter>wrapper</Filter>
    </ClCompile>
    <ClCompile Include="..\..\..\..\xplatform\webrtc\sdk\windows\wrapper\impl_org_webRtc_AudioOptions.cpp">
      <Filter>wrapper</Filter>
    </ClCompile>
    <ClCompile Include="..\..\..\..\xplatform\webrtc\sdk\windows\wrapper\impl_org_webRtc_AudioProcessingInitializeEvent.cpp">
      <Filter>wrapper</Filter>
    </ClCompile>
    <ClCompile Include="..\..\..\..\xplatform\webrtc\sdk\windows\wrapper\impl_org_webRtc_AudioProcessingRuntimeSettingEvent.cpp">
      <Filter>wrapper</Filter>
    </ClCompile>
    <ClCompile Include="..\..\..\..\xplatform\webrtc\sdk\windows\wrapper\impl_org_webRtc_AudioTrackSource.cpp">
      <Filter>wrapper</Filter>
    </ClCompile>
    <ClCompile Include="..\..\..\..\xplatform\webrtc\sdk\windows\wrapper\impl_org_webRtc_Constraint.cpp">
      <Filter>wrapper</Filter>
    </ClCompile>
    <ClCompile Include="..\..\..\..\xplatform\webrtc\sdk\windows\wrapper\impl_org_webRtc_enums.cpp">
      <Filter>wrapper</Filter>
    </ClCompile>
    <ClCompile Include="..\..\..\..\xplatform\webrtc\sdk\windows\wrapper\impl_org_webRtc_EventQueue.cpp">
      <Filter>wrapper</Filter>
    </ClCompile>
    <ClCompile Include="..\..\..\..\xplatform\webrtc\sdk\windows\wrapper\impl_org_webRtc_EventQueueMaker.cpp">
      <Filter>wrapper</Filter>
    </ClCompile>
    <ClCompile Include="..\..\..\..\xplatform\webrtc\sdk\windows\wrapper\impl_org_webRtc_helpers.cpp">
      <Filter>wrapper</Filter>
    </ClCompile>
    <ClCompile Include="..\..\..\..\xplatform\webrtc\sdk\windows\wrapper\impl_org_webRtc_MediaConstraints.cpp">
      <Filter>wrapper</Filter>
    </ClCompile>
    <ClCompile Include="..\..\..\..\xplatform\webrtc\sdk\windows\wrapper\impl_org_webRtc_MediaElement.cpp">
      <Filter>wrapper</Filter>
    </ClCompile>
    <ClCompile Include="..\..\..\..\xplatform\webrtc\sdk\windows\wrapper\impl_org_webRtc_MediaElementMaker.cpp">
      <Filter>wrapper</Filter>
    </ClCompile>
    <ClCompile Include="..\..\..\..\xplatform\webrtc\sdk\windows\wrapper\impl_org_webRtc_MediaSample.cpp">
      <Filter>wrapper</Filter>
    </ClCompile>
    <ClCompile Include="..\..\..\..\xplatform\webrtc\sdk\windows\wrapper\impl_org_webRtc_MediaSource.cpp">
      <Filter>wrapper</Filter>
    </ClCompile>
    <ClCompile Include="..\..\..\..\xplatform\webrtc\sdk\windows\wrapper\impl_org_webRtc_MediaStreamTrack.cpp">
      <Filter>wrapper</Filter>
    </ClCompile>
    <ClCompile Include="..\..\..\..\xplatform\webrtc\sdk\windows\wrapper\impl_org_webRtc_MediaTrackSource.cpp">
      <Filter>wrapper</Filter>
    </ClCompile>
    <ClCompile Include="..\..\..\..\xplatform\webrtc\sdk\windows\wrapper\impl_org_webRtc_MessageEvent.cpp">
      <Filter>wrapper</Filter>
    </ClCompile>
    <ClCompile Include="..\..\..\..\xplatform\webrtc\sdk\windows\wrapper\impl_org_webRtc_MillisecondIntervalRange.cpp">
      <Filter>wrapper</Filter>
    </ClCompile>
    <ClCompile Include="..\..\..\..\xplatform\webrtc\sdk\windows\wrapper\impl_org_webRtc_RTCAnswerOptions.cpp">
      <Filter>wrapper</Filter>
    </ClCompile>
    <ClCompile Include="..\..\..\..\xplatform\webrtc\sdk\windows\wrapper\impl_org_webRtc_RTCAudioHandlerStats.cpp">
      <Filter>wrapper</Filter>
    </ClCompile>
    <ClCompile Include="..\..\..\..\xplatform\webrtc\sdk\windows\wrapper\impl_org_webRtc_RTCAudioReceiverStats.cpp">
      <Filter>wrapper</Filter>
    </ClCompile>
    <ClCompile Include="..\..\..\..\xplatform\webrtc\sdk\windows\wrapper\impl_org_webRtc_RTCAudioSenderStats.cpp">
      <Filter>wrapper</Filter>
    </ClCompile>
    <ClCompile Include="..\..\..\..\xplatform\webrtc\sdk\windows\wrapper\impl_org_webRtc_RTCBitrateParameters.cpp">
      <Filter>wrapper</Filter>
    </ClCompile>
    <ClCompile Include="..\..\..\..\xplatform\webrtc\sdk\windows\wrapper\impl_org_webRtc_RTCCertificate.cpp">
      <Filter>wrapper</Filter>
    </ClCompile>
    <ClCompile Include="..\..\..\..\xplatform\webrtc\sdk\windows\wrapper\impl_org_webRtc_RTCCertificateStats.cpp">
      <Filter>wrapper</Filter>
    </ClCompile>
    <ClCompile Include="..\..\..\..\xplatform\webrtc\sdk\windows\wrapper\impl_org_webRtc_RTCCodecStats.cpp">
      <Filter>wrapper</Filter>
    </ClCompile>
    <ClCompile Include="..\..\..\..\xplatform\webrtc\sdk\windows\wrapper\impl_org_webRtc_RTCConfiguration.cpp">
      <Filter>wrapper</Filter>
    </ClCompile>
    <ClCompile Include="..\..\..\..\xplatform\webrtc\sdk\windows\wrapper\impl_org_webRtc_RTCDataChannel.cpp">
      <Filter>wrapper</Filter>
    </ClCompile>
    <ClCompile Include="..\..\..\..\xplatform\webrtc\sdk\windows\wrapper\impl_org_webRtc_RTCDataChannelEvent.cpp">
      <Filter>wrapper</Filter>
    </ClCompile>
    <ClCompile Include="..\..\..\..\xplatform\webrtc\sdk\windows\wrapper\impl_org_webRtc_RTCDataChannelInit.cpp">
      <Filter>wrapper</Filter>
    </ClCompile>
    <ClCompile Include="..\..\..\..\xplatform\webrtc\sdk\windows\wrapper\impl_org_webRtc_RTCDataChannelStats.cpp">
      <Filter>wrapper</Filter>
    </ClCompile>
    <ClCompile Include="..\..\..\..\xplatform\webrtc\sdk\windows\wrapper\impl_org_webRtc_RTCDtlsFingerprint.cpp">
      <Filter>wrapper</Filter>
    </ClCompile>
    <ClCompile Include="..\..\..\..\xplatform\webrtc\sdk\windows\wrapper\impl_org_webRtc_RTCDtmfSender.cpp">
      <Filter>wrapper</Filter>
    </ClCompile>
    <ClCompile Include="..\..\..\..\xplatform\webrtc\sdk\windows\wrapper\impl_org_webRtc_RTCDtmfToneChangeEvent.cpp">
      <Filter>wrapper</Filter>
    </ClCompile>
    <ClCompile Include="..\..\..\..\xplatform\webrtc\sdk\windows\wrapper\impl_org_webRtc_RTCError.cpp">
      <Filter>wrapper</Filter>
    </ClCompile>
    <ClCompile Include="..\..\..\..\xplatform\webrtc\sdk\windows\wrapper\impl_org_webRtc_RTCIceCandidate.cpp">
      <Filter>wrapper</Filter>
    </ClCompile>
    <ClCompile Include="..\..\..\..\xplatform\webrtc\sdk\windows\wrapper\impl_org_webRtc_RTCIceCandidateInit.cpp">
      <Filter>wrapper</Filter>
    </ClCompile>
    <ClCompile Include="..\..\..\..\xplatform\webrtc\sdk\windows\wrapper\impl_org_webRtc_RTCIceCandidatePairStats.cpp">
      <Filter>wrapper</Filter>
    </ClCompile>
    <ClCompile Include="..\..\..\..\xplatform\webrtc\sdk\windows\wrapper\impl_org_webRtc_RTCIceCandidateStats.cpp">
      <Filter>wrapper</Filter>
    </ClCompile>
    <ClCompile Include="..\..\..\..\xplatform\webrtc\sdk\windows\wrapper\impl_org_webRtc_RTCIceServer.cpp">
      <Filter>wrapper</Filter>
    </ClCompile>
    <ClCompile Include="..\..\..\..\xplatform\webrtc\sdk\windows\wrapper\impl_org_webRtc_RTCInboundRtpStreamStats.cpp">
      <Filter>wrapper</Filter>
    </ClCompile>
    <ClCompile Include="..\..\..\..\xplatform\webrtc\sdk\windows\wrapper\impl_org_webRtc_RTCKeyParams.cpp">
      <Filter>wrapper</Filter>
    </ClCompile>
    <ClCompile Include="..\..\..\..\xplatform\webrtc\sdk\windows\wrapper\impl_org_webRtc_RTCMediaHandlerStats.cpp">
      <Filter>wrapper</Filter>
    </ClCompile>
    <ClCompile Include="..\..\..\..\xplatform\webrtc\sdk\windows\wrapper\impl_org_webRtc_RTCMediaStreamStats.cpp">
      <Filter>wrapper</Filter>
    </ClCompile>
    <ClCompile Include="..\..\..\..\xplatform\webrtc\sdk\windows\wrapper\impl_org_webRtc_RTCOAuthCredential.cpp">
      <Filter>wrapper</Filter>
    </ClCompile>
    <ClCompile Include="..\..\..\..\xplatform\webrtc\sdk\windows\wrapper\impl_org_webRtc_RTCOfferAnswerOptions.cpp">
      <Filter>wrapper</Filter>
    </ClCompile>
    <ClCompile Include="..\..\..\..\xplatform\webrtc\sdk\windows\wrapper\impl_org_webRtc_RTCOfferOptions.cpp">
      <Filter>wrapper</Filter>
    </ClCompile>
    <ClCompile Include="..\..\..\..\xplatform\webrtc\sdk\windows\wrapper\impl_org_webRtc_RTCOutboundRtpStreamStats.cpp">
      <Filter>wrapper</Filter>
    </ClCompile>
    <ClCompile Include="..\..\..\..\xplatform\webrtc\sdk\windows\wrapper\impl_org_webRtc_RTCPeerConnection.cpp">
      <Filter>wrapper</Filter>
    </ClCompile>
    <ClCompile Include="..\..\..\..\xplatform\webrtc\sdk\windows\wrapper\impl_org_webRtc_RTCPeerConnectionIceErrorEvent.cpp">
      <Filter>wrapper</Filter>
    </ClCompile>
    <ClCompile Include="..\..\..\..\xplatform\webrtc\sdk\windows\wrapper\impl_org_webRtc_RTCPeerConnectionIceEvent.cpp">
      <Filter>wrapper</Filter>
    </ClCompile>
    <ClCompile Include="..\..\..\..\xplatform\webrtc\sdk\windows\wrapper\impl_org_webRtc_RTCPeerConnectionStats.cpp">
      <Filter>wrapper</Filter>
    </ClCompile>
    <ClCompile Include="..\..\..\..\xplatform\webrtc\sdk\windows\wrapper\impl_org_webRtc_RTCReceivedRtpStreamStats.cpp">
      <Filter>wrapper</Filter>
    </ClCompile>
    <ClCompile Include="..\..\..\..\xplatform\webrtc\sdk\windows\wrapper\impl_org_webRtc_RTCRemoteInboundRtpStreamStats.cpp">
      <Filter>wrapper</Filter>
    </ClCompile>
    <ClCompile Include="..\..\..\..\xplatform\webrtc\sdk\windows\wrapper\impl_org_webRtc_RTCRemoteOutboundRtpStreamStats.cpp">
      <Filter>wrapper</Filter>
    </ClCompile>
    <ClCompile Include="..\..\..\..\xplatform\webrtc\sdk\windows\wrapper\impl_org_webRtc_RTCRSAParams.cpp">
      <Filter>wrapper</Filter>
    </ClCompile>
    <ClCompile Include="..\..\..\..\xplatform\webrtc\sdk\windows\wrapper\impl_org_webRtc_RTCRtcpFeedback.cpp">
      <Filter>wrapper</Filter>
    </ClCompile>
    <ClCompile Include="..\..\..\..\xplatform\webrtc\sdk\windows\wrapper\impl_org_webRtc_RTCRtcpParameters.cpp">
      <Filter>wrapper</Filter>
    </ClCompile>
    <ClCompile Include="..\..\..\..\xplatform\webrtc\sdk\windows\wrapper\impl_org_webRtc_RTCRtpCapabilities.cpp">
      <Filter>wrapper</Filter>
    </ClCompile>
    <ClCompile Include="..\..\..\..\xplatform\webrtc\sdk\windows\wrapper\impl_org_webRtc_RTCRtpCodecCapability.cpp">
      <Filter>wrapper</Filter>
    </ClCompile>
    <ClCompile Include="..\..\..\..\xplatform\webrtc\sdk\windows\wrapper\impl_org_webRtc_RTCRtpCodecParameters.cpp">
      <Filter>wrapper</Filter>
    </ClCompile>
    <ClCompile Include="..\..\..\..\xplatform\webrtc\sdk\windows\wrapper\impl_org_webRtc_RTCRtpCodingParameters.cpp">
      <Filter>wrapper</Filter>
    </ClCompile>
    <ClCompile Include="..\..\..\..\xplatform\webrtc\sdk\windows\wrapper\impl_org_webRtc_RTCRtpContributingSource.cpp">
      <Filter>wrapper</Filter>
    </ClCompile>
    <ClCompile Include="..\..\..\..\xplatform\webrtc\sdk\windows\wrapper\impl_org_webRtc_RTCRtpContributingSourceStats.cpp">
      <Filter>wrapper</Filter>
    </ClCompile>
    <ClCompile Include="..\..\..\..\xplatform\webrtc\sdk\windows\wrapper\impl_org_webRtc_RTCRtpDecodingParameters.cpp">
      <Filter>wrapper</Filter>
    </ClCompile>
    <ClCompile Include="..\..\..\..\xplatform\webrtc\sdk\windows\wrapper\impl_org_webRtc_RTCRtpEncodingParameters.cpp">
      <Filter>wrapper</Filter>
    </ClCompile>
    <ClCompile Include="..\..\..\..\xplatform\webrtc\sdk\windows\wrapper\impl_org_webRtc_RTCRtpFecParameters.cpp">
      <Filter>wrapper</Filter>
    </ClCompile>
    <ClCompile Include="..\..\..\..\xplatform\webrtc\sdk\windows\wrapper\impl_org_webRtc_RTCRtpHeaderExtensionCapability.cpp">
      <Filter>wrapper</Filter>
    </ClCompile>
    <ClCompile Include="..\..\..\..\xplatform\webrtc\sdk\windows\wrapper\impl_org_webRtc_RTCRtpHeaderExtensionParameters.cpp">
      <Filter>wrapper</Filter>
    </ClCompile>
    <ClCompile Include="..\..\..\..\xplatform\webrtc\sdk\windows\wrapper\impl_org_webRtc_RTCRtpParameters.cpp">
      <Filter>wrapper</Filter>
    </ClCompile>
    <ClCompile Include="..\..\..\..\xplatform\webrtc\sdk\windows\wrapper\impl_org_webRtc_RTCRtpReceiveParameters.cpp">
      <Filter>wrapper</Filter>
    </ClCompile>
    <ClCompile Include="..\..\..\..\xplatform\webrtc\sdk\windows\wrapper\impl_org_webRtc_RTCRtpReceiver.cpp">
      <Filter>wrapper</Filter>
    </ClCompile>
    <ClCompile Include="..\..\..\..\xplatform\webrtc\sdk\windows\wrapper\impl_org_webRtc_RTCRtpRtxParameters.cpp">
      <Filter>wrapper</Filter>
    </ClCompile>
    <ClCompile Include="..\..\..\..\xplatform\webrtc\sdk\windows\wrapper\impl_org_webRtc_RTCRtpSender.cpp">
      <Filter>wrapper</Filter>
    </ClCompile>
    <ClCompile Include="..\..\..\..\xplatform\webrtc\sdk\windows\wrapper\impl_org_webRtc_RTCRtpSendParameters.cpp">
      <Filter>wrapper</Filter>
    </ClCompile>
    <ClCompile Include="..\..\..\..\xplatform\webrtc\sdk\windows\wrapper\impl_org_webRtc_RTCRtpStreamStats.cpp">
      <Filter>wrapper</Filter>
    </ClCompile>
    <ClCompile Include="..\..\..\..\xplatform\webrtc\sdk\windows\wrapper\impl_org_webRtc_RTCRtpSynchronizationSource.cpp">
      <Filter>wrapper</Filter>
    </ClCompile>
    <ClCompile Include="..\..\..\..\xplatform\webrtc\sdk\windows\wrapper\impl_org_webRtc_RTCRtpTransceiver.cpp">
      <Filter>wrapper</Filter>
    </ClCompile>
    <ClCompile Include="..\..\..\..\xplatform\webrtc\sdk\windows\wrapper\impl_org_webRtc_RTCRtpTransceiverInit.cpp">
      <Filter>wrapper</Filter>
    </ClCompile>
    <ClCompile Include="..\..\..\..\xplatform\webrtc\sdk\windows\wrapper\impl_org_webRtc_RTCSenderAudioTrackAttachmentStats.cpp">
      <Filter>wrapper</Filter>
    </ClCompile>
    <ClCompile Include="..\..\..\..\xplatform\webrtc\sdk\windows\wrapper\impl_org_webRtc_RTCSenderVideoTrackAttachmentStats.cpp">
      <Filter>wrapper</Filter>
    </ClCompile>
    <ClCompile Include="..\..\..\..\xplatform\webrtc\sdk\windows\wrapper\impl_org_webRtc_RTCSentRtpStreamStats.cpp">
      <Filter>wrapper</Filter>
    </ClCompile>
    <ClCompile Include="..\..\..\..\xplatform\webrtc\sdk\windows\wrapper\impl_org_webRtc_RTCSessionDescription.cpp">
      <Filter>wrapper</Filter>
    </ClCompile>
    <ClCompile Include="..\..\..\..\xplatform\webrtc\sdk\windows\wrapper\impl_org_webRtc_RTCSessionDescriptionInit.cpp">
      <Filter>wrapper</Filter>
    </ClCompile>
    <ClCompile Include="..\..\..\..\xplatform\webrtc\sdk\windows\wrapper\impl_org_webRtc_RTCStats.cpp">
      <Filter>wrapper</Filter>
    </ClCompile>
    <ClCompile Include="..\..\..\..\xplatform\webrtc\sdk\windows\wrapper\impl_org_webRtc_RTCStatsProvider.cpp">
      <Filter>wrapper</Filter>
    </ClCompile>
    <ClCompile Include="..\..\..\..\xplatform\webrtc\sdk\windows\wrapper\impl_org_webRtc_RTCStatsReport.cpp">
      <Filter>wrapper</Filter>
    </ClCompile>
    <ClCompile Include="..\..\..\..\xplatform\webrtc\sdk\windows\wrapper\impl_org_webRtc_RTCStatsTypeSet.cpp">
      <Filter>wrapper</Filter>
    </ClCompile>
    <ClCompile Include="..\..\..\..\xplatform\webrtc\sdk\windows\wrapper\impl_org_webRtc_RTCTrackEvent.cpp">
      <Filter>wrapper</Filter>
    </ClCompile>
    <ClCompile Include="..\..\..\..\xplatform\webrtc\sdk\windows\wrapper\impl_org_webRtc_RTCTransportStats.cpp">
      <Filter>wrapper</Filter>
    </ClCompile>
    <ClCompile Include="..\..\..\..\xplatform\webrtc\sdk\windows\wrapper\impl_org_webRtc_RTCVideoHandlerStats.cpp">
      <Filter>wrapper</Filter>
    </ClCompile>
    <ClCompile Include="..\..\..\..\xplatform\webrtc\sdk\windows\wrapper\impl_org_webRtc_RTCVideoReceiverStats.cpp">
      <Filter>wrapper</Filter>
    </ClCompile>
    <ClCompile Include="..\..\..\..\xplatform\webrtc\sdk\windows\wrapper\impl_org_webRtc_RTCVideoSenderStats.cpp">
      <Filter>wrapper</Filter>
    </ClCompile>
    <ClCompile Include="..\..\..\..\xplatform\webrtc\sdk\windows\wrapper\impl_org_webRtc_VideoCapturer.cpp">
      <Filter>wrapper</Filter>
    </ClCompile>
    <ClCompile Include="..\..\..\..\xplatform\webrtc\sdk\windows\wrapper\impl_org_webRtc_VideoCapturerCreationParameters.cpp">
      <Filter>wrapper</Filter>
    </ClCompile>
    <ClCompile Include="..\..\..\..\xplatform\webrtc\sdk\windows\wrapper\impl_org_webRtc_VideoCapturerInputSize.cpp">
      <Filter>wrapper</Filter>
    </ClCompile>
    <ClCompile Include="..\..\..\..\xplatform\webrtc\sdk\windows\wrapper\impl_org_webRtc_VideoData.cpp">
      <Filter>wrapper</Filter>
    </ClCompile>
    <ClCompile Include="..\..\..\..\xplatform\webrtc\sdk\windows\wrapper\impl_org_webRtc_VideoDeviceInfo.cpp">
      <Filter>wrapper</Filter>
    </ClCompile>
    <ClCompile Include="..\..\..\..\xplatform\webrtc\sdk\windows\wrapper\impl_org_webRtc_VideoFormat.cpp">
      <Filter>wrapper</Filter>
    </ClCompile>
    <ClCompile Include="..\..\..\..\xplatform\webrtc\sdk\windows\wrapper\impl_org_webRtc_VideoFrameBuffer.cpp">
      <Filter>wrapper</Filter>
    </ClCompile>
    <ClCompile Include="..\..\..\..\xplatform\webrtc\sdk\windows\wrapper\impl_org_webRtc_VideoFrameBufferEvent.cpp">
      <Filter>wrapper</Filter>
    </ClCompile>
    <ClCompile Include="..\..\..\..\xplatform\webrtc\sdk\windows\wrapper\impl_org_webRtc_VideoFrameNativeBuffer.cpp">
      <Filter>wrapper</Filter>
    </ClCompile>
    <ClCompile Include="..\..\..\..\xplatform\webrtc\sdk\windows\wrapper\impl_org_webRtc_VideoFramePlanarYuvaBuffer.cpp">
      <Filter>wrapper</Filter>
    </ClCompile>
    <ClCompile Include="..\..\..\..\xplatform\webrtc\sdk\windows\wrapper\impl_org_webRtc_VideoFramePlanarYuvBuffer.cpp">
      <Filter>wrapper</Filter>
    </ClCompile>
    <ClCompile Include="..\..\..\..\xplatform\webrtc\sdk\windows\wrapper\impl_org_webRtc_VideoOptions.cpp">
      <Filter>wrapper</Filter>
    </ClCompile>
    <ClCompile Include="..\..\..\..\xplatform\webrtc\sdk\windows\wrapper\impl_org_webRtc_VideoTrackSource.cpp">
      <Filter>wrapper</Filter>
    </ClCompile>
    <ClCompile Include="..\..\..\..\xplatform\webrtc\sdk\windows\wrapper\impl_org_webRtc_VideoTrackSourceStats.cpp">
      <Filter>wrapper</Filter>
    </ClCompile>
    <ClCompile Include="..\..\..\..\xplatform\webrtc\sdk\windows\wrapper\impl_org_webRtc_WebRtcFactory.cpp">
      <Filter>wrapper</Filter>
    </ClCompile>
    <ClCompile Include="..\..\..\..\xplatform\webrtc\sdk\windows\wrapper\impl_org_webRtc_WebRtcFactoryConfiguration.cpp">
      <Filter>wrapper</Filter>
    </ClCompile>
    <ClCompile Include="..\..\..\..\xplatform\webrtc\sdk\windows\wrapper\impl_org_webRtc_WebRtcLib.cpp">
      <Filter>wrapper</Filter>
    </ClCompile>
    <ClCompile Include="..\..\..\..\xplatform\webrtc\sdk\windows\wrapper\impl_org_webRtc_WebRtcLibConfiguration.cpp">
      <Filter>wrapper</Filter>
    </ClCompile>
    <ClCompile Include="..\..\..\..\xplatform\webrtc\sdk\windows\wrapper\impl_webrtc_AudioDeviceWasapi.cpp">
      <Filter>wrapper</Filter>
    </ClCompile>
    <ClCompile Include="..\..\..\..\xplatform\webrtc\sdk\windows\wrapper\impl_webrtc_MediaStreamSource.cpp">
      <Filter>wrapper</Filter>
    </ClCompile>
    <ClCompile Include="..\..\..\..\xplatform\webrtc\sdk\windows\wrapper\impl_webrtc_MRCAudioEffectDefinition.cpp">
      <Filter>wrapper</Filter>
    </ClCompile>
    <ClCompile Include="..\..\..\..\xplatform\webrtc\sdk\windows\wrapper\impl_webrtc_MRCVideoEffectDefinition.cpp">
      <Filter>wrapper</Filter>
    </ClCompile>
    <ClCompile Include="..\..\..\..\xplatform\webrtc\sdk\windows\wrapper\impl_webrtc_VideoCaptureMediaSink.cpp">
      <Filter>wrapper</Filter>
    </ClCompile>
    <ClCompile Include="..\..\..\..\xplatform\webrtc\sdk\windows\wrapper\impl_webrtc_VideoCapturer.cpp">
      <Filter>wrapper</Filter>
    </ClCompile>
    <ClCompile Include="..\..\..\..\xplatform\webrtc\sdk\windows\wrapper\impl_org_webRtc_CustomAudioDeviceRequestStateEvent.cpp">
      <Filter>wrapper</Filter>
    </ClCompile>
    <ClCompile Include="..\..\..\..\xplatform\webrtc\sdk\windows\wrapper\impl_org_webRtc_CustomAudioDeviceRequestStereoEvent.cpp">
      <Filter>wrapper</Filter>
    </ClCompile>
    <ClCompile Include="..\..\..\..\xplatform\webrtc\sdk\windows\wrapper\impl_org_webRtc_CustomAudioDeviceSelectEvent.cpp">
      <Filter>wrapper</Filter>
    </ClCompile>
    <ClCompile Include="..\..\..\..\xplatform\webrtc\sdk\windows\wrapper\impl_org_webRtc_CustomAudioMixerRequestMuteEvent.cpp">
      <Filter>wrapper</Filter>
    </ClCompile>
    <ClCompile Include="..\..\..\..\xplatform\webrtc\sdk\windows\wrapper\impl_org_webRtc_CustomAudioMixerRequestSettingsEvent.cpp">
      <Filter>wrapper</Filter>
    </ClCompile>
    <ClCompile Include="..\..\..\..\xplatform\webrtc\sdk\windows\wrapper\impl_org_webRtc_CustomAudioMixerRequestStateEvent.cpp">
      <Filter>wrapper</Filter>
    </ClCompile>
    <ClCompile Include="..\..\..\..\xplatform\webrtc\sdk\windows\wrapper\impl_org_webRtc_CustomAudioMixerRequestVolumeEvent.cpp">
      <Filter>wrapper</Filter>
    </ClCompile>
    <ClCompile Include="..\..\..\..\xplatform\webrtc\sdk\windows\wrapper\impl_org_webRtc_CustomAudioPlayoutDeviceInfo.cpp">
      <Filter>wrapper</Filter>
    </ClCompile>
    <ClCompile Include="..\..\..\..\xplatform\webrtc\sdk\windows\wrapper\impl_org_webRtc_CustomAudioRecordingDeviceInfo.cpp">
      <Filter>wrapper</Filter>
    </ClCompile>
    <ClCompile Include="..\..\..\..\xplatform\webrtc\sdk\windows\wrapper\impl_org_webRtc_CustomVideoCapturer.cpp">
      <Filter>wrapper</Filter>
    </ClCompile>
    <ClCompile Include="..\..\..\..\xplatform\webrtc\sdk\windows\wrapper\impl_org_webRtc_CustomVideoCapturerCreateEvent.cpp">
      <Filter>wrapper</Filter>
    </ClCompile>
    <ClCompile Include="..\..\..\..\xplatform\webrtc\sdk\windows\wrapper\impl_org_webRtc_CustomVideoCapturerFactory.cpp">
      <Filter>wrapper</Filter>
    </ClCompile>
    <ClCompile Include="..\..\..\..\xplatform\webrtc\sdk\windows\wrapper\impl_org_webRtc_CustomVideoCapturerParameters.cpp">
      <Filter>wrapper</Filter>
    </ClCompile>
    <ClCompile Include="..\..\..\..\xplatform\webrtc\sdk\windows\wrapper\impl_org_webRtc_CustomVideoCapturerStartEvent.cpp">
      <Filter>wrapper</Filter>
    </ClCompile>
    <ClCompile Include="..\..\..\..\xplatform\webrtc\sdk\windows\wrapper\impl_org_webRtc_CustomAudioDevice.cpp">
      <Filter>wrapper</Filter>
    </ClCompile>
    <ClCompile Include="..\..\..\..\xplatform\webrtc\sdk\windows\wrapper\impl_org_webRtc_CustomAudioDeviceParameters.cpp">
      <Filter>wrapper</Filter>
    </ClCompile>
  </ItemGroup>
</Project>